Microsoft Visual Studio Solution File, Format Version 12.00
# Visual Studio Express 2012 for Windows Desktop
Project("{8BC9CEB8-8B4A-11D0-8D11-00A0C91BC942}") = "ALL_BUILD", "ALL_BUILD.vcxproj", "{2B8F6DB7-6DCC-46BA-A40E-14DAD061D8E6}"
	ProjectSection(ProjectDependencies) = postProject
		{9C4C97C5-B7FD-4B50-9AC9-F4278A3DAD11} = {9C4C97C5-B7FD-4B50-9AC9-F4278A3DAD11}
		{E3065E56-12ED-4344-9F1A-AB5725DC52CB} = {E3065E56-12ED-4344-9F1A-AB5725DC52CB}
		{6DB32B6D-F70C-41EA-A317-F73276EC0D5C} = {6DB32B6D-F70C-41EA-A317-F73276EC0D5C}
		{96F0D876-68BC-4A81-A1B3-5ED20B55837B} = {96F0D876-68BC-4A81-A1B3-5ED20B55837B}
		{2BA04D52-A820-4AB6-977D-480B0388EE10} = {2BA04D52-A820-4AB6-977D-480B0388EE10}
		{2C441ADC-97CA-4C62-93CD-567E9A3CF5E1} = {2C441ADC-97CA-4C62-93CD-567E9A3CF5E1}
		{2055B998-D69F-4B03-B100-75B92C36EF6C} = {2055B998-D69F-4B03-B100-75B92C36EF6C}
		{E52A63F3-2E8C-4F69-A4F2-634D38256104} = {E52A63F3-2E8C-4F69-A4F2-634D38256104}
		{41018AE5-CF0E-40E4-81DC-4934E1B71ECA} = {41018AE5-CF0E-40E4-81DC-4934E1B71ECA}
		{4C10960C-E6D4-44FD-8BF0-CA6DEF6B97D5} = {4C10960C-E6D4-44FD-8BF0-CA6DEF6B97D5}
		{0CD4209E-8ACA-4166-B9CD-9D1FD3E83AFB} = {0CD4209E-8ACA-4166-B9CD-9D1FD3E83AFB}
		{A010CCFC-6BA8-4717-884A-C749A1ECFF31} = {A010CCFC-6BA8-4717-884A-C749A1ECFF31}
		{BB32668E-93DF-45F5-9385-886F26E5B557} = {BB32668E-93DF-45F5-9385-886F26E5B557}
		{73D8ACF7-FFA5-471A-B222-6A72E2C03A1F} = {73D8ACF7-FFA5-471A-B222-6A72E2C03A1F}
		{B45AD10A-BB16-4ACF-AEE3-5098635F2F74} = {B45AD10A-BB16-4ACF-AEE3-5098635F2F74}
		{E7870238-3CA2-4777-9557-A381E0D572FC} = {E7870238-3CA2-4777-9557-A381E0D572FC}
		{63C0BF88-CD3E-4FEB-9819-BDB133236EBB} = {63C0BF88-CD3E-4FEB-9819-BDB133236EBB}
		{9A98F635-B244-44F4-B727-F18D44CBEDD1} = {9A98F635-B244-44F4-B727-F18D44CBEDD1}
		{39F0CA41-F754-486C-BC7C-B7BE892C4841} = {39F0CA41-F754-486C-BC7C-B7BE892C4841}
		{A1004E61-EFA8-4D9C-B9DB-88A78C4FC27D} = {A1004E61-EFA8-4D9C-B9DB-88A78C4FC27D}
		{722BB5AC-37B8-4C6E-8475-524E18285E24} = {722BB5AC-37B8-4C6E-8475-524E18285E24}
		{36E87908-EF93-4D8D-A042-AC72049F6BD0} = {36E87908-EF93-4D8D-A042-AC72049F6BD0}
		{E0A7114E-1829-4991-A80D-E15D74F4CE6C} = {E0A7114E-1829-4991-A80D-E15D74F4CE6C}
		{173CEA62-BB72-4C22-B8A3-AFBC71D338E7} = {173CEA62-BB72-4C22-B8A3-AFBC71D338E7}
		{FF0D4717-F34B-4966-B1A6-5697E7699A50} = {FF0D4717-F34B-4966-B1A6-5697E7699A50}
		{86407FC9-7244-4524-A993-7A5B24C0F848} = {86407FC9-7244-4524-A993-7A5B24C0F848}
		{3935645A-6F64-4B34-8C65-9C4AED23F0C2} = {3935645A-6F64-4B34-8C65-9C4AED23F0C2}
		{CEE932F4-2A45-4172-97A9-C4A7012E2193} = {CEE932F4-2A45-4172-97A9-C4A7012E2193}
		{763C255B-22D6-4126-9C7E-B15953441E50} = {763C255B-22D6-4126-9C7E-B15953441E50}
		{FFA70196-4E60-42F1-80A9-C620F7EBDB70} = {FFA70196-4E60-42F1-80A9-C620F7EBDB70}
		{F673C6C5-4F65-4165-9A20-3E9C7D514F7B} = {F673C6C5-4F65-4165-9A20-3E9C7D514F7B}
		{C665BCD7-9A6B-4003-9055-7C648F51958A} = {C665BCD7-9A6B-4003-9055-7C648F51958A}
		{43091895-40EB-4850-BE0F-023D4EC34E71} = {43091895-40EB-4850-BE0F-023D4EC34E71}
		{74B6B1A8-2695-4810-8B80-F285B21800CC} = {74B6B1A8-2695-4810-8B80-F285B21800CC}
		{B0B606C2-E4FA-4E8B-8431-E70B7CD81836} = {B0B606C2-E4FA-4E8B-8431-E70B7CD81836}
		{3160D6B1-148C-48DF-8D4C-3644AC815CAD} = {3160D6B1-148C-48DF-8D4C-3644AC815CAD}
		{F8487DCE-2E21-423A-B20C-231C39583FA7} = {F8487DCE-2E21-423A-B20C-231C39583FA7}
		{8015B514-AA2C-4D17-A4A1-6E124CED0191} = {8015B514-AA2C-4D17-A4A1-6E124CED0191}
		{2097C6AF-8C88-4811-8BA5-CFF99BE0932C} = {2097C6AF-8C88-4811-8BA5-CFF99BE0932C}
		{4352BF61-9E90-4D81-9CFD-6A7AD5FDD635} = {4352BF61-9E90-4D81-9CFD-6A7AD5FDD635}
		{72CB059B-510B-43F3-BE42-326F44514B53} = {72CB059B-510B-43F3-BE42-326F44514B53}
		{F680C065-7DE7-4357-9637-F785835BA0D9} = {F680C065-7DE7-4357-9637-F785835BA0D9}
		{A6CCEDA2-EF52-421D-9F69-3365BBB2B79E} = {A6CCEDA2-EF52-421D-9F69-3365BBB2B79E}
		{80EE2FAC-9A6A-474B-A036-A10CECD5384A} = {80EE2FAC-9A6A-474B-A036-A10CECD5384A}
		{822FC65C-B8DF-4EF0-931A-75872EDD6EDD} = {822FC65C-B8DF-4EF0-931A-75872EDD6EDD}
		{124680BD-FAA7-4608-98E3-7726A77544F9} = {124680BD-FAA7-4608-98E3-7726A77544F9}
		{B07C6483-324B-4028-B219-8E3ADA71DD74} = {B07C6483-324B-4028-B219-8E3ADA71DD74}
		{D1233ED3-64F4-45CE-8EE3-CA5A7B5B0CD8} = {D1233ED3-64F4-45CE-8EE3-CA5A7B5B0CD8}
		{909E55B1-9D60-4DDD-AB0F-8C4B80FB9F03} = {909E55B1-9D60-4DDD-AB0F-8C4B80FB9F03}
		{50BF48B4-BA90-4A57-B3B3-C273AC398932} = {50BF48B4-BA90-4A57-B3B3-C273AC398932}
		{37B689C2-EED5-4082-87A6-70B100EF8DBB} = {37B689C2-EED5-4082-87A6-70B100EF8DBB}
		{4426274C-09C9-498F-B693-07D3A428768C} = {4426274C-09C9-498F-B693-07D3A428768C}
		{A900C338-D51C-426E-B792-72EB78DC2691} = {A900C338-D51C-426E-B792-72EB78DC2691}
		{7D0461CC-8ACC-4B88-8B88-1913ED010AF3} = {7D0461CC-8ACC-4B88-8B88-1913ED010AF3}
		{CBFAA29C-799C-4412-AB4A-881D6E9C9AB8} = {CBFAA29C-799C-4412-AB4A-881D6E9C9AB8}
		{69F62A41-19FB-4B7E-A61A-2B8795E8D327} = {69F62A41-19FB-4B7E-A61A-2B8795E8D327}
		{78EEEAF4-5109-4371-9781-7C355E38534A} = {78EEEAF4-5109-4371-9781-7C355E38534A}
		{B76FDAFC-17D8-4318-B954-2C7674E040F6} = {B76FDAFC-17D8-4318-B954-2C7674E040F6}
		{628846DF-2A94-4FF8-B847-666D857D68F9} = {628846DF-2A94-4FF8-B847-666D857D68F9}
	EndProjectSection
EndProject
Project("{8BC9CEB8-8B4A-11D0-8D11-00A0C91BC942}") = "RUN_TESTS", "RUN_TESTS.vcxproj", "{799349EE-3158-4438-9B16-98092EA9E337}"
	ProjectSection(ProjectDependencies) = postProject
	EndProjectSection
EndProject
Project("{8BC9CEB8-8B4A-11D0-8D11-00A0C91BC942}") = "ZERO_CHECK", "ZERO_CHECK.vcxproj", "{9C4C97C5-B7FD-4B50-9AC9-F4278A3DAD11}"
	ProjectSection(ProjectDependencies) = postProject
	EndProjectSection
EndProject
Project("{8BC9CEB8-8B4A-11D0-8D11-00A0C91BC942}") = "gtest", "gtest.vcxproj", "{E3065E56-12ED-4344-9F1A-AB5725DC52CB}"
	ProjectSection(ProjectDependencies) = postProject
		{9C4C97C5-B7FD-4B50-9AC9-F4278A3DAD11} = {9C4C97C5-B7FD-4B50-9AC9-F4278A3DAD11}
	EndProjectSection
EndProject
Project("{8BC9CEB8-8B4A-11D0-8D11-00A0C91BC942}") = "gtest-death-test_ex_catch_test", "gtest-death-test_ex_catch_test.vcxproj", "{6DB32B6D-F70C-41EA-A317-F73276EC0D5C}"
	ProjectSection(ProjectDependencies) = postProject
		{9C4C97C5-B7FD-4B50-9AC9-F4278A3DAD11} = {9C4C97C5-B7FD-4B50-9AC9-F4278A3DAD11}
		{E3065E56-12ED-4344-9F1A-AB5725DC52CB} = {E3065E56-12ED-4344-9F1A-AB5725DC52CB}
	EndProjectSection
EndProject
Project("{8BC9CEB8-8B4A-11D0-8D11-00A0C91BC942}") = "gtest-death-test_ex_nocatch_test", "gtest-death-test_ex_nocatch_test.vcxproj", "{96F0D876-68BC-4A81-A1B3-5ED20B55837B}"
	ProjectSection(ProjectDependencies) = postProject
		{9C4C97C5-B7FD-4B50-9AC9-F4278A3DAD11} = {9C4C97C5-B7FD-4B50-9AC9-F4278A3DAD11}
		{E3065E56-12ED-4344-9F1A-AB5725DC52CB} = {E3065E56-12ED-4344-9F1A-AB5725DC52CB}
	EndProjectSection
EndProject
Project("{8BC9CEB8-8B4A-11D0-8D11-00A0C91BC942}") = "gtest-death-test_test", "gtest-death-test_test.vcxproj", "{2BA04D52-A820-4AB6-977D-480B0388EE10}"
	ProjectSection(ProjectDependencies) = postProject
		{9C4C97C5-B7FD-4B50-9AC9-F4278A3DAD11} = {9C4C97C5-B7FD-4B50-9AC9-F4278A3DAD11}
		{E3065E56-12ED-4344-9F1A-AB5725DC52CB} = {E3065E56-12ED-4344-9F1A-AB5725DC52CB}
		{CEE932F4-2A45-4172-97A9-C4A7012E2193} = {CEE932F4-2A45-4172-97A9-C4A7012E2193}
	EndProjectSection
EndProject
Project("{8BC9CEB8-8B4A-11D0-8D11-00A0C91BC942}") = "gtest-filepath_test", "gtest-filepath_test.vcxproj", "{2C441ADC-97CA-4C62-93CD-567E9A3CF5E1}"
	ProjectSection(ProjectDependencies) = postProject
		{9C4C97C5-B7FD-4B50-9AC9-F4278A3DAD11} = {9C4C97C5-B7FD-4B50-9AC9-F4278A3DAD11}
		{E3065E56-12ED-4344-9F1A-AB5725DC52CB} = {E3065E56-12ED-4344-9F1A-AB5725DC52CB}
		{CEE932F4-2A45-4172-97A9-C4A7012E2193} = {CEE932F4-2A45-4172-97A9-C4A7012E2193}
	EndProjectSection
EndProject
Project("{8BC9CEB8-8B4A-11D0-8D11-00A0C91BC942}") = "gtest-linked_ptr_test", "gtest-linked_ptr_test.vcxproj", "{2055B998-D69F-4B03-B100-75B92C36EF6C}"
	ProjectSection(ProjectDependencies) = postProject
		{9C4C97C5-B7FD-4B50-9AC9-F4278A3DAD11} = {9C4C97C5-B7FD-4B50-9AC9-F4278A3DAD11}
		{E3065E56-12ED-4344-9F1A-AB5725DC52CB} = {E3065E56-12ED-4344-9F1A-AB5725DC52CB}
		{CEE932F4-2A45-4172-97A9-C4A7012E2193} = {CEE932F4-2A45-4172-97A9-C4A7012E2193}
	EndProjectSection
EndProject
Project("{8BC9CEB8-8B4A-11D0-8D11-00A0C91BC942}") = "gtest-listener_test", "gtest-listener_test.vcxproj", "{E52A63F3-2E8C-4F69-A4F2-634D38256104}"
	ProjectSection(ProjectDependencies) = postProject
		{9C4C97C5-B7FD-4B50-9AC9-F4278A3DAD11} = {9C4C97C5-B7FD-4B50-9AC9-F4278A3DAD11}
		{E3065E56-12ED-4344-9F1A-AB5725DC52CB} = {E3065E56-12ED-4344-9F1A-AB5725DC52CB}
		{CEE932F4-2A45-4172-97A9-C4A7012E2193} = {CEE932F4-2A45-4172-97A9-C4A7012E2193}
	EndProjectSection
EndProject
Project("{8BC9CEB8-8B4A-11D0-8D11-00A0C91BC942}") = "gtest-message_test", "gtest-message_test.vcxproj", "{41018AE5-CF0E-40E4-81DC-4934E1B71ECA}"
	ProjectSection(ProjectDependencies) = postProject
		{9C4C97C5-B7FD-4B50-9AC9-F4278A3DAD11} = {9C4C97C5-B7FD-4B50-9AC9-F4278A3DAD11}
		{E3065E56-12ED-4344-9F1A-AB5725DC52CB} = {E3065E56-12ED-4344-9F1A-AB5725DC52CB}
		{CEE932F4-2A45-4172-97A9-C4A7012E2193} = {CEE932F4-2A45-4172-97A9-C4A7012E2193}
	EndProjectSection
EndProject
Project("{8BC9CEB8-8B4A-11D0-8D11-00A0C91BC942}") = "gtest-options_test", "gtest-options_test.vcxproj", "{4C10960C-E6D4-44FD-8BF0-CA6DEF6B97D5}"
	ProjectSection(ProjectDependencies) = postProject
		{9C4C97C5-B7FD-4B50-9AC9-F4278A3DAD11} = {9C4C97C5-B7FD-4B50-9AC9-F4278A3DAD11}
		{E3065E56-12ED-4344-9F1A-AB5725DC52CB} = {E3065E56-12ED-4344-9F1A-AB5725DC52CB}
		{CEE932F4-2A45-4172-97A9-C4A7012E2193} = {CEE932F4-2A45-4172-97A9-C4A7012E2193}
	EndProjectSection
EndProject
Project("{8BC9CEB8-8B4A-11D0-8D11-00A0C91BC942}") = "gtest-param-test_test", "gtest-param-test_test.vcxproj", "{0CD4209E-8ACA-4166-B9CD-9D1FD3E83AFB}"
	ProjectSection(ProjectDependencies) = postProject
		{9C4C97C5-B7FD-4B50-9AC9-F4278A3DAD11} = {9C4C97C5-B7FD-4B50-9AC9-F4278A3DAD11}
		{E3065E56-12ED-4344-9F1A-AB5725DC52CB} = {E3065E56-12ED-4344-9F1A-AB5725DC52CB}
	EndProjectSection
EndProject
Project("{8BC9CEB8-8B4A-11D0-8D11-00A0C91BC942}") = "gtest-port_test", "gtest-port_test.vcxproj", "{A010CCFC-6BA8-4717-884A-C749A1ECFF31}"
	ProjectSection(ProjectDependencies) = postProject
		{9C4C97C5-B7FD-4B50-9AC9-F4278A3DAD11} = {9C4C97C5-B7FD-4B50-9AC9-F4278A3DAD11}
		{E3065E56-12ED-4344-9F1A-AB5725DC52CB} = {E3065E56-12ED-4344-9F1A-AB5725DC52CB}
		{CEE932F4-2A45-4172-97A9-C4A7012E2193} = {CEE932F4-2A45-4172-97A9-C4A7012E2193}
	EndProjectSection
EndProject
Project("{8BC9CEB8-8B4A-11D0-8D11-00A0C91BC942}") = "gtest-printers_test", "gtest-printers_test.vcxproj", "{BB32668E-93DF-45F5-9385-886F26E5B557}"
	ProjectSection(ProjectDependencies) = postProject
		{9C4C97C5-B7FD-4B50-9AC9-F4278A3DAD11} = {9C4C97C5-B7FD-4B50-9AC9-F4278A3DAD11}
		{E3065E56-12ED-4344-9F1A-AB5725DC52CB} = {E3065E56-12ED-4344-9F1A-AB5725DC52CB}
		{CEE932F4-2A45-4172-97A9-C4A7012E2193} = {CEE932F4-2A45-4172-97A9-C4A7012E2193}
	EndProjectSection
EndProject
Project("{8BC9CEB8-8B4A-11D0-8D11-00A0C91BC942}") = "gtest-test-part_test", "gtest-test-part_test.vcxproj", "{73D8ACF7-FFA5-471A-B222-6A72E2C03A1F}"
	ProjectSection(ProjectDependencies) = postProject
		{9C4C97C5-B7FD-4B50-9AC9-F4278A3DAD11} = {9C4C97C5-B7FD-4B50-9AC9-F4278A3DAD11}
		{E3065E56-12ED-4344-9F1A-AB5725DC52CB} = {E3065E56-12ED-4344-9F1A-AB5725DC52CB}
		{CEE932F4-2A45-4172-97A9-C4A7012E2193} = {CEE932F4-2A45-4172-97A9-C4A7012E2193}
	EndProjectSection
EndProject
Project("{8BC9CEB8-8B4A-11D0-8D11-00A0C91BC942}") = "gtest-typed-test_test", "gtest-typed-test_test.vcxproj", "{B45AD10A-BB16-4ACF-AEE3-5098635F2F74}"
	ProjectSection(ProjectDependencies) = postProject
		{9C4C97C5-B7FD-4B50-9AC9-F4278A3DAD11} = {9C4C97C5-B7FD-4B50-9AC9-F4278A3DAD11}
		{E3065E56-12ED-4344-9F1A-AB5725DC52CB} = {E3065E56-12ED-4344-9F1A-AB5725DC52CB}
		{CEE932F4-2A45-4172-97A9-C4A7012E2193} = {CEE932F4-2A45-4172-97A9-C4A7012E2193}
	EndProjectSection
EndProject
Project("{8BC9CEB8-8B4A-11D0-8D11-00A0C91BC942}") = "gtest-unittest-api_test", "gtest-unittest-api_test.vcxproj", "{E7870238-3CA2-4777-9557-A381E0D572FC}"
	ProjectSection(ProjectDependencies) = postProject
		{9C4C97C5-B7FD-4B50-9AC9-F4278A3DAD11} = {9C4C97C5-B7FD-4B50-9AC9-F4278A3DAD11}
		{E3065E56-12ED-4344-9F1A-AB5725DC52CB} = {E3065E56-12ED-4344-9F1A-AB5725DC52CB}
	EndProjectSection
EndProject
Project("{8BC9CEB8-8B4A-11D0-8D11-00A0C91BC942}") = "gtest_break_on_failure_unittest_", "gtest_break_on_failure_unittest_.vcxproj", "{63C0BF88-CD3E-4FEB-9819-BDB133236EBB}"
	ProjectSection(ProjectDependencies) = postProject
		{9C4C97C5-B7FD-4B50-9AC9-F4278A3DAD11} = {9C4C97C5-B7FD-4B50-9AC9-F4278A3DAD11}
		{E3065E56-12ED-4344-9F1A-AB5725DC52CB} = {E3065E56-12ED-4344-9F1A-AB5725DC52CB}
	EndProjectSection
EndProject
Project("{8BC9CEB8-8B4A-11D0-8D11-00A0C91BC942}") = "gtest_catch_exceptions_ex_test_", "gtest_catch_exceptions_ex_test_.vcxproj", "{9A98F635-B244-44F4-B727-F18D44CBEDD1}"
	ProjectSection(ProjectDependencies) = postProject
		{9C4C97C5-B7FD-4B50-9AC9-F4278A3DAD11} = {9C4C97C5-B7FD-4B50-9AC9-F4278A3DAD11}
		{E3065E56-12ED-4344-9F1A-AB5725DC52CB} = {E3065E56-12ED-4344-9F1A-AB5725DC52CB}
		{CEE932F4-2A45-4172-97A9-C4A7012E2193} = {CEE932F4-2A45-4172-97A9-C4A7012E2193}
	EndProjectSection
EndProject
Project("{8BC9CEB8-8B4A-11D0-8D11-00A0C91BC942}") = "gtest_catch_exceptions_no_ex_test_", "gtest_catch_exceptions_no_ex_test_.vcxproj", "{39F0CA41-F754-486C-BC7C-B7BE892C4841}"
	ProjectSection(ProjectDependencies) = postProject
		{9C4C97C5-B7FD-4B50-9AC9-F4278A3DAD11} = {9C4C97C5-B7FD-4B50-9AC9-F4278A3DAD11}
		{763C255B-22D6-4126-9C7E-B15953441E50} = {763C255B-22D6-4126-9C7E-B15953441E50}
	EndProjectSection
EndProject
Project("{8BC9CEB8-8B4A-11D0-8D11-00A0C91BC942}") = "gtest_color_test_", "gtest_color_test_.vcxproj", "{A1004E61-EFA8-4D9C-B9DB-88A78C4FC27D}"
	ProjectSection(ProjectDependencies) = postProject
		{9C4C97C5-B7FD-4B50-9AC9-F4278A3DAD11} = {9C4C97C5-B7FD-4B50-9AC9-F4278A3DAD11}
		{E3065E56-12ED-4344-9F1A-AB5725DC52CB} = {E3065E56-12ED-4344-9F1A-AB5725DC52CB}
	EndProjectSection
EndProject
Project("{8BC9CEB8-8B4A-11D0-8D11-00A0C91BC942}") = "gtest_dll", "gtest_dll.vcxproj", "{722BB5AC-37B8-4C6E-8475-524E18285E24}"
	ProjectSection(ProjectDependencies) = postProject
		{9C4C97C5-B7FD-4B50-9AC9-F4278A3DAD11} = {9C4C97C5-B7FD-4B50-9AC9-F4278A3DAD11}
	EndProjectSection
EndProject
Project("{8BC9CEB8-8B4A-11D0-8D11-00A0C91BC942}") = "gtest_dll_test_", "gtest_dll_test_.vcxproj", "{36E87908-EF93-4D8D-A042-AC72049F6BD0}"
	ProjectSection(ProjectDependencies) = postProject
		{9C4C97C5-B7FD-4B50-9AC9-F4278A3DAD11} = {9C4C97C5-B7FD-4B50-9AC9-F4278A3DAD11}
		{722BB5AC-37B8-4C6E-8475-524E18285E24} = {722BB5AC-37B8-4C6E-8475-524E18285E24}
	EndProjectSection
EndProject
Project("{8BC9CEB8-8B4A-11D0-8D11-00A0C91BC942}") = "gtest_env_var_test_", "gtest_env_var_test_.vcxproj", "{E0A7114E-1829-4991-A80D-E15D74F4CE6C}"
	ProjectSection(ProjectDependencies) = postProject
		{9C4C97C5-B7FD-4B50-9AC9-F4278A3DAD11} = {9C4C97C5-B7FD-4B50-9AC9-F4278A3DAD11}
		{E3065E56-12ED-4344-9F1A-AB5725DC52CB} = {E3065E56-12ED-4344-9F1A-AB5725DC52CB}
	EndProjectSection
EndProject
Project("{8BC9CEB8-8B4A-11D0-8D11-00A0C91BC942}") = "gtest_environment_test", "gtest_environment_test.vcxproj", "{173CEA62-BB72-4C22-B8A3-AFBC71D338E7}"
	ProjectSection(ProjectDependencies) = postProject
		{9C4C97C5-B7FD-4B50-9AC9-F4278A3DAD11} = {9C4C97C5-B7FD-4B50-9AC9-F4278A3DAD11}
		{E3065E56-12ED-4344-9F1A-AB5725DC52CB} = {E3065E56-12ED-4344-9F1A-AB5725DC52CB}
	EndProjectSection
EndProject
Project("{8BC9CEB8-8B4A-11D0-8D11-00A0C91BC942}") = "gtest_filter_unittest_", "gtest_filter_unittest_.vcxproj", "{FF0D4717-F34B-4966-B1A6-5697E7699A50}"
	ProjectSection(ProjectDependencies) = postProject
		{9C4C97C5-B7FD-4B50-9AC9-F4278A3DAD11} = {9C4C97C5-B7FD-4B50-9AC9-F4278A3DAD11}
		{E3065E56-12ED-4344-9F1A-AB5725DC52CB} = {E3065E56-12ED-4344-9F1A-AB5725DC52CB}
	EndProjectSection
EndProject
Project("{8BC9CEB8-8B4A-11D0-8D11-00A0C91BC942}") = "gtest_help_test_", "gtest_help_test_.vcxproj", "{86407FC9-7244-4524-A993-7A5B24C0F848}"
	ProjectSection(ProjectDependencies) = postProject
		{9C4C97C5-B7FD-4B50-9AC9-F4278A3DAD11} = {9C4C97C5-B7FD-4B50-9AC9-F4278A3DAD11}
		{E3065E56-12ED-4344-9F1A-AB5725DC52CB} = {E3065E56-12ED-4344-9F1A-AB5725DC52CB}
		{CEE932F4-2A45-4172-97A9-C4A7012E2193} = {CEE932F4-2A45-4172-97A9-C4A7012E2193}
	EndProjectSection
EndProject
Project("{8BC9CEB8-8B4A-11D0-8D11-00A0C91BC942}") = "gtest_list_tests_unittest_", "gtest_list_tests_unittest_.vcxproj", "{3935645A-6F64-4B34-8C65-9C4AED23F0C2}"
	ProjectSection(ProjectDependencies) = postProject
		{9C4C97C5-B7FD-4B50-9AC9-F4278A3DAD11} = {9C4C97C5-B7FD-4B50-9AC9-F4278A3DAD11}
		{E3065E56-12ED-4344-9F1A-AB5725DC52CB} = {E3065E56-12ED-4344-9F1A-AB5725DC52CB}
	EndProjectSection
EndProject
Project("{8BC9CEB8-8B4A-11D0-8D11-00A0C91BC942}") = "gtest_main", "gtest_main.vcxproj", "{CEE932F4-2A45-4172-97A9-C4A7012E2193}"
	ProjectSection(ProjectDependencies) = postProject
		{9C4C97C5-B7FD-4B50-9AC9-F4278A3DAD11} = {9C4C97C5-B7FD-4B50-9AC9-F4278A3DAD11}
		{E3065E56-12ED-4344-9F1A-AB5725DC52CB} = {E3065E56-12ED-4344-9F1A-AB5725DC52CB}
	EndProjectSection
EndProject
Project("{8BC9CEB8-8B4A-11D0-8D11-00A0C91BC942}") = "gtest_main_no_exception", "gtest_main_no_exception.vcxproj", "{763C255B-22D6-4126-9C7E-B15953441E50}"
	ProjectSection(ProjectDependencies) = postProject
		{9C4C97C5-B7FD-4B50-9AC9-F4278A3DAD11} = {9C4C97C5-B7FD-4B50-9AC9-F4278A3DAD11}
	EndProjectSection
EndProject
Project("{8BC9CEB8-8B4A-11D0-8D11-00A0C91BC942}") = "gtest_main_no_rtti", "gtest_main_no_rtti.vcxproj", "{FFA70196-4E60-42F1-80A9-C620F7EBDB70}"
	ProjectSection(ProjectDependencies) = postProject
		{9C4C97C5-B7FD-4B50-9AC9-F4278A3DAD11} = {9C4C97C5-B7FD-4B50-9AC9-F4278A3DAD11}
	EndProjectSection
EndProject
Project("{8BC9CEB8-8B4A-11D0-8D11-00A0C91BC942}") = "gtest_main_unittest", "gtest_main_unittest.vcxproj", "{F673C6C5-4F65-4165-9A20-3E9C7D514F7B}"
	ProjectSection(ProjectDependencies) = postProject
		{9C4C97C5-B7FD-4B50-9AC9-F4278A3DAD11} = {9C4C97C5-B7FD-4B50-9AC9-F4278A3DAD11}
		{E3065E56-12ED-4344-9F1A-AB5725DC52CB} = {E3065E56-12ED-4344-9F1A-AB5725DC52CB}
		{CEE932F4-2A45-4172-97A9-C4A7012E2193} = {CEE932F4-2A45-4172-97A9-C4A7012E2193}
	EndProjectSection
EndProject
Project("{8BC9CEB8-8B4A-11D0-8D11-00A0C91BC942}") = "gtest_no_exception", "gtest_no_exception.vcxproj", "{C665BCD7-9A6B-4003-9055-7C648F51958A}"
	ProjectSection(ProjectDependencies) = postProject
		{9C4C97C5-B7FD-4B50-9AC9-F4278A3DAD11} = {9C4C97C5-B7FD-4B50-9AC9-F4278A3DAD11}
	EndProjectSection
EndProject
Project("{8BC9CEB8-8B4A-11D0-8D11-00A0C91BC942}") = "gtest_no_rtti_unittest", "gtest_no_rtti_unittest.vcxproj", "{43091895-40EB-4850-BE0F-023D4EC34E71}"
	ProjectSection(ProjectDependencies) = postProject
		{9C4C97C5-B7FD-4B50-9AC9-F4278A3DAD11} = {9C4C97C5-B7FD-4B50-9AC9-F4278A3DAD11}
		{FFA70196-4E60-42F1-80A9-C620F7EBDB70} = {FFA70196-4E60-42F1-80A9-C620F7EBDB70}
	EndProjectSection
EndProject
Project("{8BC9CEB8-8B4A-11D0-8D11-00A0C91BC942}") = "gtest_no_test_unittest", "gtest_no_test_unittest.vcxproj", "{74B6B1A8-2695-4810-8B80-F285B21800CC}"
	ProjectSection(ProjectDependencies) = postProject
		{9C4C97C5-B7FD-4B50-9AC9-F4278A3DAD11} = {9C4C97C5-B7FD-4B50-9AC9-F4278A3DAD11}
		{E3065E56-12ED-4344-9F1A-AB5725DC52CB} = {E3065E56-12ED-4344-9F1A-AB5725DC52CB}
	EndProjectSection
EndProject
Project("{8BC9CEB8-8B4A-11D0-8D11-00A0C91BC942}") = "gtest_output_test_", "gtest_output_test_.vcxproj", "{B0B606C2-E4FA-4E8B-8431-E70B7CD81836}"
	ProjectSection(ProjectDependencies) = postProject
		{9C4C97C5-B7FD-4B50-9AC9-F4278A3DAD11} = {9C4C97C5-B7FD-4B50-9AC9-F4278A3DAD11}
		{E3065E56-12ED-4344-9F1A-AB5725DC52CB} = {E3065E56-12ED-4344-9F1A-AB5725DC52CB}
	EndProjectSection
EndProject
Project("{8BC9CEB8-8B4A-11D0-8D11-00A0C91BC942}") = "gtest_pred_impl_unittest", "gtest_pred_impl_unittest.vcxproj", "{3160D6B1-148C-48DF-8D4C-3644AC815CAD}"
	ProjectSection(ProjectDependencies) = postProject
		{9C4C97C5-B7FD-4B50-9AC9-F4278A3DAD11} = {9C4C97C5-B7FD-4B50-9AC9-F4278A3DAD11}
		{E3065E56-12ED-4344-9F1A-AB5725DC52CB} = {E3065E56-12ED-4344-9F1A-AB5725DC52CB}
		{CEE932F4-2A45-4172-97A9-C4A7012E2193} = {CEE932F4-2A45-4172-97A9-C4A7012E2193}
	EndProjectSection
EndProject
Project("{8BC9CEB8-8B4A-11D0-8D11-00A0C91BC942}") = "gtest_premature_exit_test", "gtest_premature_exit_test.vcxproj", "{F8487DCE-2E21-423A-B20C-231C39583FA7}"
	ProjectSection(ProjectDependencies) = postProject
		{9C4C97C5-B7FD-4B50-9AC9-F4278A3DAD11} = {9C4C97C5-B7FD-4B50-9AC9-F4278A3DAD11}
		{E3065E56-12ED-4344-9F1A-AB5725DC52CB} = {E3065E56-12ED-4344-9F1A-AB5725DC52CB}
	EndProjectSection
EndProject
Project("{8BC9CEB8-8B4A-11D0-8D11-00A0C91BC942}") = "gtest_prod_test", "gtest_prod_test.vcxproj", "{8015B514-AA2C-4D17-A4A1-6E124CED0191}"
	ProjectSection(ProjectDependencies) = postProject
		{9C4C97C5-B7FD-4B50-9AC9-F4278A3DAD11} = {9C4C97C5-B7FD-4B50-9AC9-F4278A3DAD11}
		{E3065E56-12ED-4344-9F1A-AB5725DC52CB} = {E3065E56-12ED-4344-9F1A-AB5725DC52CB}
		{CEE932F4-2A45-4172-97A9-C4A7012E2193} = {CEE932F4-2A45-4172-97A9-C4A7012E2193}
	EndProjectSection
EndProject
Project("{8BC9CEB8-8B4A-11D0-8D11-00A0C91BC942}") = "gtest_repeat_test", "gtest_repeat_test.vcxproj", "{2097C6AF-8C88-4811-8BA5-CFF99BE0932C}"
	ProjectSection(ProjectDependencies) = postProject
		{9C4C97C5-B7FD-4B50-9AC9-F4278A3DAD11} = {9C4C97C5-B7FD-4B50-9AC9-F4278A3DAD11}
		{E3065E56-12ED-4344-9F1A-AB5725DC52CB} = {E3065E56-12ED-4344-9F1A-AB5725DC52CB}
	EndProjectSection
EndProject
Project("{8BC9CEB8-8B4A-11D0-8D11-00A0C91BC942}") = "gtest_shuffle_test_", "gtest_shuffle_test_.vcxproj", "{4352BF61-9E90-4D81-9CFD-6A7AD5FDD635}"
	ProjectSection(ProjectDependencies) = postProject
		{9C4C97C5-B7FD-4B50-9AC9-F4278A3DAD11} = {9C4C97C5-B7FD-4B50-9AC9-F4278A3DAD11}
		{E3065E56-12ED-4344-9F1A-AB5725DC52CB} = {E3065E56-12ED-4344-9F1A-AB5725DC52CB}
	EndProjectSection
EndProject
Project("{8BC9CEB8-8B4A-11D0-8D11-00A0C91BC942}") = "gtest_sole_header_test", "gtest_sole_header_test.vcxproj", "{72CB059B-510B-43F3-BE42-326F44514B53}"
	ProjectSection(ProjectDependencies) = postProject
		{9C4C97C5-B7FD-4B50-9AC9-F4278A3DAD11} = {9C4C97C5-B7FD-4B50-9AC9-F4278A3DAD11}
		{E3065E56-12ED-4344-9F1A-AB5725DC52CB} = {E3065E56-12ED-4344-9F1A-AB5725DC52CB}
		{CEE932F4-2A45-4172-97A9-C4A7012E2193} = {CEE932F4-2A45-4172-97A9-C4A7012E2193}
	EndProjectSection
EndProject
Project("{8BC9CEB8-8B4A-11D0-8D11-00A0C91BC942}") = "gtest_stress_test", "gtest_stress_test.vcxproj", "{F680C065-7DE7-4357-9637-F785835BA0D9}"
	ProjectSection(ProjectDependencies) = postProject
		{9C4C97C5-B7FD-4B50-9AC9-F4278A3DAD11} = {9C4C97C5-B7FD-4B50-9AC9-F4278A3DAD11}
		{E3065E56-12ED-4344-9F1A-AB5725DC52CB} = {E3065E56-12ED-4344-9F1A-AB5725DC52CB}
	EndProjectSection
EndProject
Project("{8BC9CEB8-8B4A-11D0-8D11-00A0C91BC942}") = "gtest_throw_on_failure_ex_test", "gtest_throw_on_failure_ex_test.vcxproj", "{A6CCEDA2-EF52-421D-9F69-3365BBB2B79E}"
	ProjectSection(ProjectDependencies) = postProject
		{9C4C97C5-B7FD-4B50-9AC9-F4278A3DAD11} = {9C4C97C5-B7FD-4B50-9AC9-F4278A3DAD11}
		{E3065E56-12ED-4344-9F1A-AB5725DC52CB} = {E3065E56-12ED-4344-9F1A-AB5725DC52CB}
	EndProjectSection
EndProject
Project("{8BC9CEB8-8B4A-11D0-8D11-00A0C91BC942}") = "gtest_throw_on_failure_test_", "gtest_throw_on_failure_test_.vcxproj", "{80EE2FAC-9A6A-474B-A036-A10CECD5384A}"
	ProjectSection(ProjectDependencies) = postProject
		{9C4C97C5-B7FD-4B50-9AC9-F4278A3DAD11} = {9C4C97C5-B7FD-4B50-9AC9-F4278A3DAD11}
		{C665BCD7-9A6B-4003-9055-7C648F51958A} = {C665BCD7-9A6B-4003-9055-7C648F51958A}
	EndProjectSection
EndProject
Project("{8BC9CEB8-8B4A-11D0-8D11-00A0C91BC942}") = "gtest_uninitialized_test_", "gtest_uninitialized_test_.vcxproj", "{822FC65C-B8DF-4EF0-931A-75872EDD6EDD}"
	ProjectSection(ProjectDependencies) = postProject
		{9C4C97C5-B7FD-4B50-9AC9-F4278A3DAD11} = {9C4C97C5-B7FD-4B50-9AC9-F4278A3DAD11}
		{E3065E56-12ED-4344-9F1A-AB5725DC52CB} = {E3065E56-12ED-4344-9F1A-AB5725DC52CB}
	EndProjectSection
EndProject
Project("{8BC9CEB8-8B4A-11D0-8D11-00A0C91BC942}") = "gtest_unittest", "gtest_unittest.vcxproj", "{124680BD-FAA7-4608-98E3-7726A77544F9}"
	ProjectSection(ProjectDependencies) = postProject
		{9C4C97C5-B7FD-4B50-9AC9-F4278A3DAD11} = {9C4C97C5-B7FD-4B50-9AC9-F4278A3DAD11}
		{E3065E56-12ED-4344-9F1A-AB5725DC52CB} = {E3065E56-12ED-4344-9F1A-AB5725DC52CB}
		{CEE932F4-2A45-4172-97A9-C4A7012E2193} = {CEE932F4-2A45-4172-97A9-C4A7012E2193}
	EndProjectSection
EndProject
Project("{8BC9CEB8-8B4A-11D0-8D11-00A0C91BC942}") = "gtest_xml_outfile1_test_", "gtest_xml_outfile1_test_.vcxproj", "{B07C6483-324B-4028-B219-8E3ADA71DD74}"
	ProjectSection(ProjectDependencies) = postProject
		{9C4C97C5-B7FD-4B50-9AC9-F4278A3DAD11} = {9C4C97C5-B7FD-4B50-9AC9-F4278A3DAD11}
		{E3065E56-12ED-4344-9F1A-AB5725DC52CB} = {E3065E56-12ED-4344-9F1A-AB5725DC52CB}
		{CEE932F4-2A45-4172-97A9-C4A7012E2193} = {CEE932F4-2A45-4172-97A9-C4A7012E2193}
	EndProjectSection
EndProject
Project("{8BC9CEB8-8B4A-11D0-8D11-00A0C91BC942}") = "gtest_xml_outfile2_test_", "gtest_xml_outfile2_test_.vcxproj", "{D1233ED3-64F4-45CE-8EE3-CA5A7B5B0CD8}"
	ProjectSection(ProjectDependencies) = postProject
		{9C4C97C5-B7FD-4B50-9AC9-F4278A3DAD11} = {9C4C97C5-B7FD-4B50-9AC9-F4278A3DAD11}
		{E3065E56-12ED-4344-9F1A-AB5725DC52CB} = {E3065E56-12ED-4344-9F1A-AB5725DC52CB}
		{CEE932F4-2A45-4172-97A9-C4A7012E2193} = {CEE932F4-2A45-4172-97A9-C4A7012E2193}
	EndProjectSection
EndProject
Project("{8BC9CEB8-8B4A-11D0-8D11-00A0C91BC942}") = "gtest_xml_output_unittest_", "gtest_xml_output_unittest_.vcxproj", "{909E55B1-9D60-4DDD-AB0F-8C4B80FB9F03}"
	ProjectSection(ProjectDependencies) = postProject
		{9C4C97C5-B7FD-4B50-9AC9-F4278A3DAD11} = {9C4C97C5-B7FD-4B50-9AC9-F4278A3DAD11}
		{E3065E56-12ED-4344-9F1A-AB5725DC52CB} = {E3065E56-12ED-4344-9F1A-AB5725DC52CB}
	EndProjectSection
EndProject
Project("{8BC9CEB8-8B4A-11D0-8D11-00A0C91BC942}") = "sample10_unittest", "sample10_unittest.vcxproj", "{50BF48B4-BA90-4A57-B3B3-C273AC398932}"
	ProjectSection(ProjectDependencies) = postProject
		{9C4C97C5-B7FD-4B50-9AC9-F4278A3DAD11} = {9C4C97C5-B7FD-4B50-9AC9-F4278A3DAD11}
		{E3065E56-12ED-4344-9F1A-AB5725DC52CB} = {E3065E56-12ED-4344-9F1A-AB5725DC52CB}
	EndProjectSection
EndProject
Project("{8BC9CEB8-8B4A-11D0-8D11-00A0C91BC942}") = "sample1_unittest", "sample1_unittest.vcxproj", "{37B689C2-EED5-4082-87A6-70B100EF8DBB}"
	ProjectSection(ProjectDependencies) = postProject
		{9C4C97C5-B7FD-4B50-9AC9-F4278A3DAD11} = {9C4C97C5-B7FD-4B50-9AC9-F4278A3DAD11}
		{E3065E56-12ED-4344-9F1A-AB5725DC52CB} = {E3065E56-12ED-4344-9F1A-AB5725DC52CB}
		{CEE932F4-2A45-4172-97A9-C4A7012E2193} = {CEE932F4-2A45-4172-97A9-C4A7012E2193}
	EndProjectSection
EndProject
Project("{8BC9CEB8-8B4A-11D0-8D11-00A0C91BC942}") = "sample2_unittest", "sample2_unittest.vcxproj", "{4426274C-09C9-498F-B693-07D3A428768C}"
	ProjectSection(ProjectDependencies) = postProject
		{9C4C97C5-B7FD-4B50-9AC9-F4278A3DAD11} = {9C4C97C5-B7FD-4B50-9AC9-F4278A3DAD11}
		{E3065E56-12ED-4344-9F1A-AB5725DC52CB} = {E3065E56-12ED-4344-9F1A-AB5725DC52CB}
		{CEE932F4-2A45-4172-97A9-C4A7012E2193} = {CEE932F4-2A45-4172-97A9-C4A7012E2193}
	EndProjectSection
EndProject
Project("{8BC9CEB8-8B4A-11D0-8D11-00A0C91BC942}") = "sample3_unittest", "sample3_unittest.vcxproj", "{A900C338-D51C-426E-B792-72EB78DC2691}"
	ProjectSection(ProjectDependencies) = postProject
		{9C4C97C5-B7FD-4B50-9AC9-F4278A3DAD11} = {9C4C97C5-B7FD-4B50-9AC9-F4278A3DAD11}
		{E3065E56-12ED-4344-9F1A-AB5725DC52CB} = {E3065E56-12ED-4344-9F1A-AB5725DC52CB}
		{CEE932F4-2A45-4172-97A9-C4A7012E2193} = {CEE932F4-2A45-4172-97A9-C4A7012E2193}
	EndProjectSection
EndProject
Project("{8BC9CEB8-8B4A-11D0-8D11-00A0C91BC942}") = "sample4_unittest", "sample4_unittest.vcxproj", "{7D0461CC-8ACC-4B88-8B88-1913ED010AF3}"
	ProjectSection(ProjectDependencies) = postProject
		{9C4C97C5-B7FD-4B50-9AC9-F4278A3DAD11} = {9C4C97C5-B7FD-4B50-9AC9-F4278A3DAD11}
		{E3065E56-12ED-4344-9F1A-AB5725DC52CB} = {E3065E56-12ED-4344-9F1A-AB5725DC52CB}
		{CEE932F4-2A45-4172-97A9-C4A7012E2193} = {CEE932F4-2A45-4172-97A9-C4A7012E2193}
	EndProjectSection
EndProject
Project("{8BC9CEB8-8B4A-11D0-8D11-00A0C91BC942}") = "sample5_unittest", "sample5_unittest.vcxproj", "{CBFAA29C-799C-4412-AB4A-881D6E9C9AB8}"
	ProjectSection(ProjectDependencies) = postProject
		{9C4C97C5-B7FD-4B50-9AC9-F4278A3DAD11} = {9C4C97C5-B7FD-4B50-9AC9-F4278A3DAD11}
		{E3065E56-12ED-4344-9F1A-AB5725DC52CB} = {E3065E56-12ED-4344-9F1A-AB5725DC52CB}
		{CEE932F4-2A45-4172-97A9-C4A7012E2193} = {CEE932F4-2A45-4172-97A9-C4A7012E2193}
	EndProjectSection
EndProject
Project("{8BC9CEB8-8B4A-11D0-8D11-00A0C91BC942}") = "sample6_unittest", "sample6_unittest.vcxproj", "{69F62A41-19FB-4B7E-A61A-2B8795E8D327}"
	ProjectSection(ProjectDependencies) = postProject
		{9C4C97C5-B7FD-4B50-9AC9-F4278A3DAD11} = {9C4C97C5-B7FD-4B50-9AC9-F4278A3DAD11}
		{E3065E56-12ED-4344-9F1A-AB5725DC52CB} = {E3065E56-12ED-4344-9F1A-AB5725DC52CB}
		{CEE932F4-2A45-4172-97A9-C4A7012E2193} = {CEE932F4-2A45-4172-97A9-C4A7012E2193}
	EndProjectSection
EndProject
Project("{8BC9CEB8-8B4A-11D0-8D11-00A0C91BC942}") = "sample7_unittest", "sample7_unittest.vcxproj", "{78EEEAF4-5109-4371-9781-7C355E38534A}"
	ProjectSection(ProjectDependencies) = postProject
		{9C4C97C5-B7FD-4B50-9AC9-F4278A3DAD11} = {9C4C97C5-B7FD-4B50-9AC9-F4278A3DAD11}
		{E3065E56-12ED-4344-9F1A-AB5725DC52CB} = {E3065E56-12ED-4344-9F1A-AB5725DC52CB}
		{CEE932F4-2A45-4172-97A9-C4A7012E2193} = {CEE932F4-2A45-4172-97A9-C4A7012E2193}
	EndProjectSection
EndProject
Project("{8BC9CEB8-8B4A-11D0-8D11-00A0C91BC942}") = "sample8_unittest", "sample8_unittest.vcxproj", "{B76FDAFC-17D8-4318-B954-2C7674E040F6}"
	ProjectSection(ProjectDependencies) = postProject
		{9C4C97C5-B7FD-4B50-9AC9-F4278A3DAD11} = {9C4C97C5-B7FD-4B50-9AC9-F4278A3DAD11}
		{E3065E56-12ED-4344-9F1A-AB5725DC52CB} = {E3065E56-12ED-4344-9F1A-AB5725DC52CB}
		{CEE932F4-2A45-4172-97A9-C4A7012E2193} = {CEE932F4-2A45-4172-97A9-C4A7012E2193}
	EndProjectSection
EndProject
Project("{8BC9CEB8-8B4A-11D0-8D11-00A0C91BC942}") = "sample9_unittest", "sample9_unittest.vcxproj", "{628846DF-2A94-4FF8-B847-666D857D68F9}"
	ProjectSection(ProjectDependencies) = postProject
		{9C4C97C5-B7FD-4B50-9AC9-F4278A3DAD11} = {9C4C97C5-B7FD-4B50-9AC9-F4278A3DAD11}
		{E3065E56-12ED-4344-9F1A-AB5725DC52CB} = {E3065E56-12ED-4344-9F1A-AB5725DC52CB}
	EndProjectSection
EndProject
Global
	GlobalSection(SolutionConfigurationPlatforms) = preSolution
		Debug|Win32 = Debug|Win32
		Release|Win32 = Release|Win32
		MinSizeRel|Win32 = MinSizeRel|Win32
		RelWithDebInfo|Win32 = RelWithDebInfo|Win32
	EndGlobalSection
	GlobalSection(ProjectConfigurationPlatforms) = postSolution
		{2B8F6DB7-6DCC-46BA-A40E-14DAD061D8E6}.Debug|Win32.ActiveCfg = Debug|Win32
		{2B8F6DB7-6DCC-46BA-A40E-14DAD061D8E6}.Release|Win32.ActiveCfg = Release|Win32
		{2B8F6DB7-6DCC-46BA-A40E-14DAD061D8E6}.MinSizeRel|Win32.ActiveCfg = MinSizeRel|Win32
		{2B8F6DB7-6DCC-46BA-A40E-14DAD061D8E6}.RelWithDebInfo|Win32.ActiveCfg = RelWithDebInfo|Win32
		{799349EE-3158-4438-9B16-98092EA9E337}.Debug|Win32.ActiveCfg = Debug|Win32
		{799349EE-3158-4438-9B16-98092EA9E337}.Release|Win32.ActiveCfg = Release|Win32
		{799349EE-3158-4438-9B16-98092EA9E337}.MinSizeRel|Win32.ActiveCfg = MinSizeRel|Win32
		{799349EE-3158-4438-9B16-98092EA9E337}.RelWithDebInfo|Win32.ActiveCfg = RelWithDebInfo|Win32
		{9C4C97C5-B7FD-4B50-9AC9-F4278A3DAD11}.Debug|Win32.ActiveCfg = Debug|Win32
		{9C4C97C5-B7FD-4B50-9AC9-F4278A3DAD11}.Debug|Win32.Build.0 = Debug|Win32
		{9C4C97C5-B7FD-4B50-9AC9-F4278A3DAD11}.Release|Win32.ActiveCfg = Release|Win32
		{9C4C97C5-B7FD-4B50-9AC9-F4278A3DAD11}.Release|Win32.Build.0 = Release|Win32
		{9C4C97C5-B7FD-4B50-9AC9-F4278A3DAD11}.MinSizeRel|Win32.ActiveCfg = MinSizeRel|Win32
		{9C4C97C5-B7FD-4B50-9AC9-F4278A3DAD11}.MinSizeRel|Win32.Build.0 = MinSizeRel|Win32
		{9C4C97C5-B7FD-4B50-9AC9-F4278A3DAD11}.RelWithDebInfo|Win32.ActiveCfg = RelWithDebInfo|Win32
		{9C4C97C5-B7FD-4B50-9AC9-F4278A3DAD11}.RelWithDebInfo|Win32.Build.0 = RelWithDebInfo|Win32
		{E3065E56-12ED-4344-9F1A-AB5725DC52CB}.Debug|Win32.ActiveCfg = Debug|Win32
		{E3065E56-12ED-4344-9F1A-AB5725DC52CB}.Debug|Win32.Build.0 = Debug|Win32
		{E3065E56-12ED-4344-9F1A-AB5725DC52CB}.Release|Win32.ActiveCfg = Release|Win32
		{E3065E56-12ED-4344-9F1A-AB5725DC52CB}.Release|Win32.Build.0 = Release|Win32
		{E3065E56-12ED-4344-9F1A-AB5725DC52CB}.MinSizeRel|Win32.ActiveCfg = MinSizeRel|Win32
		{E3065E56-12ED-4344-9F1A-AB5725DC52CB}.MinSizeRel|Win32.Build.0 = MinSizeRel|Win32
		{E3065E56-12ED-4344-9F1A-AB5725DC52CB}.RelWithDebInfo|Win32.ActiveCfg = RelWithDebInfo|Win32
		{E3065E56-12ED-4344-9F1A-AB5725DC52CB}.RelWithDebInfo|Win32.Build.0 = RelWithDebInfo|Win32
		{6DB32B6D-F70C-41EA-A317-F73276EC0D5C}.Debug|Win32.ActiveCfg = Debug|Win32
		{6DB32B6D-F70C-41EA-A317-F73276EC0D5C}.Debug|Win32.Build.0 = Debug|Win32
		{6DB32B6D-F70C-41EA-A317-F73276EC0D5C}.Release|Win32.ActiveCfg = Release|Win32
		{6DB32B6D-F70C-41EA-A317-F73276EC0D5C}.Release|Win32.Build.0 = Release|Win32
		{6DB32B6D-F70C-41EA-A317-F73276EC0D5C}.MinSizeRel|Win32.ActiveCfg = MinSizeRel|Win32
		{6DB32B6D-F70C-41EA-A317-F73276EC0D5C}.MinSizeRel|Win32.Build.0 = MinSizeRel|Win32
		{6DB32B6D-F70C-41EA-A317-F73276EC0D5C}.RelWithDebInfo|Win32.ActiveCfg = RelWithDebInfo|Win32
		{6DB32B6D-F70C-41EA-A317-F73276EC0D5C}.RelWithDebInfo|Win32.Build.0 = RelWithDebInfo|Win32
		{96F0D876-68BC-4A81-A1B3-5ED20B55837B}.Debug|Win32.ActiveCfg = Debug|Win32
		{96F0D876-68BC-4A81-A1B3-5ED20B55837B}.Debug|Win32.Build.0 = Debug|Win32
		{96F0D876-68BC-4A81-A1B3-5ED20B55837B}.Release|Win32.ActiveCfg = Release|Win32
		{96F0D876-68BC-4A81-A1B3-5ED20B55837B}.Release|Win32.Build.0 = Release|Win32
		{96F0D876-68BC-4A81-A1B3-5ED20B55837B}.MinSizeRel|Win32.ActiveCfg = MinSizeRel|Win32
		{96F0D876-68BC-4A81-A1B3-5ED20B55837B}.MinSizeRel|Win32.Build.0 = MinSizeRel|Win32
		{96F0D876-68BC-4A81-A1B3-5ED20B55837B}.RelWithDebInfo|Win32.ActiveCfg = RelWithDebInfo|Win32
		{96F0D876-68BC-4A81-A1B3-5ED20B55837B}.RelWithDebInfo|Win32.Build.0 = RelWithDebInfo|Win32
		{2BA04D52-A820-4AB6-977D-480B0388EE10}.Debug|Win32.ActiveCfg = Debug|Win32
		{2BA04D52-A820-4AB6-977D-480B0388EE10}.Debug|Win32.Build.0 = Debug|Win32
		{2BA04D52-A820-4AB6-977D-480B0388EE10}.Release|Win32.ActiveCfg = Release|Win32
		{2BA04D52-A820-4AB6-977D-480B0388EE10}.Release|Win32.Build.0 = Release|Win32
		{2BA04D52-A820-4AB6-977D-480B0388EE10}.MinSizeRel|Win32.ActiveCfg = MinSizeRel|Win32
		{2BA04D52-A820-4AB6-977D-480B0388EE10}.MinSizeRel|Win32.Build.0 = MinSizeRel|Win32
		{2BA04D52-A820-4AB6-977D-480B0388EE10}.RelWithDebInfo|Win32.ActiveCfg = RelWithDebInfo|Win32
		{2BA04D52-A820-4AB6-977D-480B0388EE10}.RelWithDebInfo|Win32.Build.0 = RelWithDebInfo|Win32
		{2C441ADC-97CA-4C62-93CD-567E9A3CF5E1}.Debug|Win32.ActiveCfg = Debug|Win32
		{2C441ADC-97CA-4C62-93CD-567E9A3CF5E1}.Debug|Win32.Build.0 = Debug|Win32
		{2C441ADC-97CA-4C62-93CD-567E9A3CF5E1}.Release|Win32.ActiveCfg = Release|Win32
		{2C441ADC-97CA-4C62-93CD-567E9A3CF5E1}.Release|Win32.Build.0 = Release|Win32
		{2C441ADC-97CA-4C62-93CD-567E9A3CF5E1}.MinSizeRel|Win32.ActiveCfg = MinSizeRel|Win32
		{2C441ADC-97CA-4C62-93CD-567E9A3CF5E1}.MinSizeRel|Win32.Build.0 = MinSizeRel|Win32
		{2C441ADC-97CA-4C62-93CD-567E9A3CF5E1}.RelWithDebInfo|Win32.ActiveCfg = RelWithDebInfo|Win32
		{2C441ADC-97CA-4C62-93CD-567E9A3CF5E1}.RelWithDebInfo|Win32.Build.0 = RelWithDebInfo|Win32
		{2055B998-D69F-4B03-B100-75B92C36EF6C}.Debug|Win32.ActiveCfg = Debug|Win32
		{2055B998-D69F-4B03-B100-75B92C36EF6C}.Debug|Win32.Build.0 = Debug|Win32
		{2055B998-D69F-4B03-B100-75B92C36EF6C}.Release|Win32.ActiveCfg = Release|Win32
		{2055B998-D69F-4B03-B100-75B92C36EF6C}.Release|Win32.Build.0 = Release|Win32
		{2055B998-D69F-4B03-B100-75B92C36EF6C}.MinSizeRel|Win32.ActiveCfg = MinSizeRel|Win32
		{2055B998-D69F-4B03-B100-75B92C36EF6C}.MinSizeRel|Win32.Build.0 = MinSizeRel|Win32
		{2055B998-D69F-4B03-B100-75B92C36EF6C}.RelWithDebInfo|Win32.ActiveCfg = RelWithDebInfo|Win32
		{2055B998-D69F-4B03-B100-75B92C36EF6C}.RelWithDebInfo|Win32.Build.0 = RelWithDebInfo|Win32
		{E52A63F3-2E8C-4F69-A4F2-634D38256104}.Debug|Win32.ActiveCfg = Debug|Win32
		{E52A63F3-2E8C-4F69-A4F2-634D38256104}.Debug|Win32.Build.0 = Debug|Win32
		{E52A63F3-2E8C-4F69-A4F2-634D38256104}.Release|Win32.ActiveCfg = Release|Win32
		{E52A63F3-2E8C-4F69-A4F2-634D38256104}.Release|Win32.Build.0 = Release|Win32
		{E52A63F3-2E8C-4F69-A4F2-634D38256104}.MinSizeRel|Win32.ActiveCfg = MinSizeRel|Win32
		{E52A63F3-2E8C-4F69-A4F2-634D38256104}.MinSizeRel|Win32.Build.0 = MinSizeRel|Win32
		{E52A63F3-2E8C-4F69-A4F2-634D38256104}.RelWithDebInfo|Win32.ActiveCfg = RelWithDebInfo|Win32
		{E52A63F3-2E8C-4F69-A4F2-634D38256104}.RelWithDebInfo|Win32.Build.0 = RelWithDebInfo|Win32
		{41018AE5-CF0E-40E4-81DC-4934E1B71ECA}.Debug|Win32.ActiveCfg = Debug|Win32
		{41018AE5-CF0E-40E4-81DC-4934E1B71ECA}.Debug|Win32.Build.0 = Debug|Win32
		{41018AE5-CF0E-40E4-81DC-4934E1B71ECA}.Release|Win32.ActiveCfg = Release|Win32
		{41018AE5-CF0E-40E4-81DC-4934E1B71ECA}.Release|Win32.Build.0 = Release|Win32
		{41018AE5-CF0E-40E4-81DC-4934E1B71ECA}.MinSizeRel|Win32.ActiveCfg = MinSizeRel|Win32
		{41018AE5-CF0E-40E4-81DC-4934E1B71ECA}.MinSizeRel|Win32.Build.0 = MinSizeRel|Win32
		{41018AE5-CF0E-40E4-81DC-4934E1B71ECA}.RelWithDebInfo|Win32.ActiveCfg = RelWithDebInfo|Win32
		{41018AE5-CF0E-40E4-81DC-4934E1B71ECA}.RelWithDebInfo|Win32.Build.0 = RelWithDebInfo|Win32
		{4C10960C-E6D4-44FD-8BF0-CA6DEF6B97D5}.Debug|Win32.ActiveCfg = Debug|Win32
		{4C10960C-E6D4-44FD-8BF0-CA6DEF6B97D5}.Debug|Win32.Build.0 = Debug|Win32
		{4C10960C-E6D4-44FD-8BF0-CA6DEF6B97D5}.Release|Win32.ActiveCfg = Release|Win32
		{4C10960C-E6D4-44FD-8BF0-CA6DEF6B97D5}.Release|Win32.Build.0 = Release|Win32
		{4C10960C-E6D4-44FD-8BF0-CA6DEF6B97D5}.MinSizeRel|Win32.ActiveCfg = MinSizeRel|Win32
		{4C10960C-E6D4-44FD-8BF0-CA6DEF6B97D5}.MinSizeRel|Win32.Build.0 = MinSizeRel|Win32
		{4C10960C-E6D4-44FD-8BF0-CA6DEF6B97D5}.RelWithDebInfo|Win32.ActiveCfg = RelWithDebInfo|Win32
		{4C10960C-E6D4-44FD-8BF0-CA6DEF6B97D5}.RelWithDebInfo|Win32.Build.0 = RelWithDebInfo|Win32
		{0CD4209E-8ACA-4166-B9CD-9D1FD3E83AFB}.Debug|Win32.ActiveCfg = Debug|Win32
		{0CD4209E-8ACA-4166-B9CD-9D1FD3E83AFB}.Debug|Win32.Build.0 = Debug|Win32
		{0CD4209E-8ACA-4166-B9CD-9D1FD3E83AFB}.Release|Win32.ActiveCfg = Release|Win32
		{0CD4209E-8ACA-4166-B9CD-9D1FD3E83AFB}.Release|Win32.Build.0 = Release|Win32
		{0CD4209E-8ACA-4166-B9CD-9D1FD3E83AFB}.MinSizeRel|Win32.ActiveCfg = MinSizeRel|Win32
		{0CD4209E-8ACA-4166-B9CD-9D1FD3E83AFB}.MinSizeRel|Win32.Build.0 = MinSizeRel|Win32
		{0CD4209E-8ACA-4166-B9CD-9D1FD3E83AFB}.RelWithDebInfo|Win32.ActiveCfg = RelWithDebInfo|Win32
		{0CD4209E-8ACA-4166-B9CD-9D1FD3E83AFB}.RelWithDebInfo|Win32.Build.0 = RelWithDebInfo|Win32
		{A010CCFC-6BA8-4717-884A-C749A1ECFF31}.Debug|Win32.ActiveCfg = Debug|Win32
		{A010CCFC-6BA8-4717-884A-C749A1ECFF31}.Debug|Win32.Build.0 = Debug|Win32
		{A010CCFC-6BA8-4717-884A-C749A1ECFF31}.Release|Win32.ActiveCfg = Release|Win32
		{A010CCFC-6BA8-4717-884A-C749A1ECFF31}.Release|Win32.Build.0 = Release|Win32
		{A010CCFC-6BA8-4717-884A-C749A1ECFF31}.MinSizeRel|Win32.ActiveCfg = MinSizeRel|Win32
		{A010CCFC-6BA8-4717-884A-C749A1ECFF31}.MinSizeRel|Win32.Build.0 = MinSizeRel|Win32
		{A010CCFC-6BA8-4717-884A-C749A1ECFF31}.RelWithDebInfo|Win32.ActiveCfg = RelWithDebInfo|Win32
		{A010CCFC-6BA8-4717-884A-C749A1ECFF31}.RelWithDebInfo|Win32.Build.0 = RelWithDebInfo|Win32
		{BB32668E-93DF-45F5-9385-886F26E5B557}.Debug|Win32.ActiveCfg = Debug|Win32
		{BB32668E-93DF-45F5-9385-886F26E5B557}.Debug|Win32.Build.0 = Debug|Win32
		{BB32668E-93DF-45F5-9385-886F26E5B557}.Release|Win32.ActiveCfg = Release|Win32
		{BB32668E-93DF-45F5-9385-886F26E5B557}.Release|Win32.Build.0 = Release|Win32
		{BB32668E-93DF-45F5-9385-886F26E5B557}.MinSizeRel|Win32.ActiveCfg = MinSizeRel|Win32
		{BB32668E-93DF-45F5-9385-886F26E5B557}.MinSizeRel|Win32.Build.0 = MinSizeRel|Win32
		{BB32668E-93DF-45F5-9385-886F26E5B557}.RelWithDebInfo|Win32.ActiveCfg = RelWithDebInfo|Win32
		{BB32668E-93DF-45F5-9385-886F26E5B557}.RelWithDebInfo|Win32.Build.0 = RelWithDebInfo|Win32
		{73D8ACF7-FFA5-471A-B222-6A72E2C03A1F}.Debug|Win32.ActiveCfg = Debug|Win32
		{73D8ACF7-FFA5-471A-B222-6A72E2C03A1F}.Debug|Win32.Build.0 = Debug|Win32
		{73D8ACF7-FFA5-471A-B222-6A72E2C03A1F}.Release|Win32.ActiveCfg = Release|Win32
		{73D8ACF7-FFA5-471A-B222-6A72E2C03A1F}.Release|Win32.Build.0 = Release|Win32
		{73D8ACF7-FFA5-471A-B222-6A72E2C03A1F}.MinSizeRel|Win32.ActiveCfg = MinSizeRel|Win32
		{73D8ACF7-FFA5-471A-B222-6A72E2C03A1F}.MinSizeRel|Win32.Build.0 = MinSizeRel|Win32
		{73D8ACF7-FFA5-471A-B222-6A72E2C03A1F}.RelWithDebInfo|Win32.ActiveCfg = RelWithDebInfo|Win32
		{73D8ACF7-FFA5-471A-B222-6A72E2C03A1F}.RelWithDebInfo|Win32.Build.0 = RelWithDebInfo|Win32
		{B45AD10A-BB16-4ACF-AEE3-5098635F2F74}.Debug|Win32.ActiveCfg = Debug|Win32
		{B45AD10A-BB16-4ACF-AEE3-5098635F2F74}.Debug|Win32.Build.0 = Debug|Win32
		{B45AD10A-BB16-4ACF-AEE3-5098635F2F74}.Release|Win32.ActiveCfg = Release|Win32
		{B45AD10A-BB16-4ACF-AEE3-5098635F2F74}.Release|Win32.Build.0 = Release|Win32
		{B45AD10A-BB16-4ACF-AEE3-5098635F2F74}.MinSizeRel|Win32.ActiveCfg = MinSizeRel|Win32
		{B45AD10A-BB16-4ACF-AEE3-5098635F2F74}.MinSizeRel|Win32.Build.0 = MinSizeRel|Win32
		{B45AD10A-BB16-4ACF-AEE3-5098635F2F74}.RelWithDebInfo|Win32.ActiveCfg = RelWithDebInfo|Win32
		{B45AD10A-BB16-4ACF-AEE3-5098635F2F74}.RelWithDebInfo|Win32.Build.0 = RelWithDebInfo|Win32
		{E7870238-3CA2-4777-9557-A381E0D572FC}.Debug|Win32.ActiveCfg = Debug|Win32
		{E7870238-3CA2-4777-9557-A381E0D572FC}.Debug|Win32.Build.0 = Debug|Win32
		{E7870238-3CA2-4777-9557-A381E0D572FC}.Release|Win32.ActiveCfg = Release|Win32
		{E7870238-3CA2-4777-9557-A381E0D572FC}.Release|Win32.Build.0 = Release|Win32
		{E7870238-3CA2-4777-9557-A381E0D572FC}.MinSizeRel|Win32.ActiveCfg = MinSizeRel|Win32
		{E7870238-3CA2-4777-9557-A381E0D572FC}.MinSizeRel|Win32.Build.0 = MinSizeRel|Win32
		{E7870238-3CA2-4777-9557-A381E0D572FC}.RelWithDebInfo|Win32.ActiveCfg = RelWithDebInfo|Win32
		{E7870238-3CA2-4777-9557-A381E0D572FC}.RelWithDebInfo|Win32.Build.0 = RelWithDebInfo|Win32
		{63C0BF88-CD3E-4FEB-9819-BDB133236EBB}.Debug|Win32.ActiveCfg = Debug|Win32
		{63C0BF88-CD3E-4FEB-9819-BDB133236EBB}.Debug|Win32.Build.0 = Debug|Win32
		{63C0BF88-CD3E-4FEB-9819-BDB133236EBB}.Release|Win32.ActiveCfg = Release|Win32
		{63C0BF88-CD3E-4FEB-9819-BDB133236EBB}.Release|Win32.Build.0 = Release|Win32
		{63C0BF88-CD3E-4FEB-9819-BDB133236EBB}.MinSizeRel|Win32.ActiveCfg = MinSizeRel|Win32
		{63C0BF88-CD3E-4FEB-9819-BDB133236EBB}.MinSizeRel|Win32.Build.0 = MinSizeRel|Win32
		{63C0BF88-CD3E-4FEB-9819-BDB133236EBB}.RelWithDebInfo|Win32.ActiveCfg = RelWithDebInfo|Win32
		{63C0BF88-CD3E-4FEB-9819-BDB133236EBB}.RelWithDebInfo|Win32.Build.0 = RelWithDebInfo|Win32
		{9A98F635-B244-44F4-B727-F18D44CBEDD1}.Debug|Win32.ActiveCfg = Debug|Win32
		{9A98F635-B244-44F4-B727-F18D44CBEDD1}.Debug|Win32.Build.0 = Debug|Win32
		{9A98F635-B244-44F4-B727-F18D44CBEDD1}.Release|Win32.ActiveCfg = Release|Win32
		{9A98F635-B244-44F4-B727-F18D44CBEDD1}.Release|Win32.Build.0 = Release|Win32
		{9A98F635-B244-44F4-B727-F18D44CBEDD1}.MinSizeRel|Win32.ActiveCfg = MinSizeRel|Win32
		{9A98F635-B244-44F4-B727-F18D44CBEDD1}.MinSizeRel|Win32.Build.0 = MinSizeRel|Win32
		{9A98F635-B244-44F4-B727-F18D44CBEDD1}.RelWithDebInfo|Win32.ActiveCfg = RelWithDebInfo|Win32
		{9A98F635-B244-44F4-B727-F18D44CBEDD1}.RelWithDebInfo|Win32.Build.0 = RelWithDebInfo|Win32
		{39F0CA41-F754-486C-BC7C-B7BE892C4841}.Debug|Win32.ActiveCfg = Debug|Win32
		{39F0CA41-F754-486C-BC7C-B7BE892C4841}.Debug|Win32.Build.0 = Debug|Win32
		{39F0CA41-F754-486C-BC7C-B7BE892C4841}.Release|Win32.ActiveCfg = Release|Win32
		{39F0CA41-F754-486C-BC7C-B7BE892C4841}.Release|Win32.Build.0 = Release|Win32
		{39F0CA41-F754-486C-BC7C-B7BE892C4841}.MinSizeRel|Win32.ActiveCfg = MinSizeRel|Win32
		{39F0CA41-F754-486C-BC7C-B7BE892C4841}.MinSizeRel|Win32.Build.0 = MinSizeRel|Win32
		{39F0CA41-F754-486C-BC7C-B7BE892C4841}.RelWithDebInfo|Win32.ActiveCfg = RelWithDebInfo|Win32
		{39F0CA41-F754-486C-BC7C-B7BE892C4841}.RelWithDebInfo|Win32.Build.0 = RelWithDebInfo|Win32
		{A1004E61-EFA8-4D9C-B9DB-88A78C4FC27D}.Debug|Win32.ActiveCfg = Debug|Win32
		{A1004E61-EFA8-4D9C-B9DB-88A78C4FC27D}.Debug|Win32.Build.0 = Debug|Win32
		{A1004E61-EFA8-4D9C-B9DB-88A78C4FC27D}.Release|Win32.ActiveCfg = Release|Win32
		{A1004E61-EFA8-4D9C-B9DB-88A78C4FC27D}.Release|Win32.Build.0 = Release|Win32
		{A1004E61-EFA8-4D9C-B9DB-88A78C4FC27D}.MinSizeRel|Win32.ActiveCfg = MinSizeRel|Win32
		{A1004E61-EFA8-4D9C-B9DB-88A78C4FC27D}.MinSizeRel|Win32.Build.0 = MinSizeRel|Win32
		{A1004E61-EFA8-4D9C-B9DB-88A78C4FC27D}.RelWithDebInfo|Win32.ActiveCfg = RelWithDebInfo|Win32
		{A1004E61-EFA8-4D9C-B9DB-88A78C4FC27D}.RelWithDebInfo|Win32.Build.0 = RelWithDebInfo|Win32
		{722BB5AC-37B8-4C6E-8475-524E18285E24}.Debug|Win32.ActiveCfg = Debug|Win32
		{722BB5AC-37B8-4C6E-8475-524E18285E24}.Debug|Win32.Build.0 = Debug|Win32
		{722BB5AC-37B8-4C6E-8475-524E18285E24}.Release|Win32.ActiveCfg = Release|Win32
		{722BB5AC-37B8-4C6E-8475-524E18285E24}.Release|Win32.Build.0 = Release|Win32
		{722BB5AC-37B8-4C6E-8475-524E18285E24}.MinSizeRel|Win32.ActiveCfg = MinSizeRel|Win32
		{722BB5AC-37B8-4C6E-8475-524E18285E24}.MinSizeRel|Win32.Build.0 = MinSizeRel|Win32
		{722BB5AC-37B8-4C6E-8475-524E18285E24}.RelWithDebInfo|Win32.ActiveCfg = RelWithDebInfo|Win32
		{722BB5AC-37B8-4C6E-8475-524E18285E24}.RelWithDebInfo|Win32.Build.0 = RelWithDebInfo|Win32
		{36E87908-EF93-4D8D-A042-AC72049F6BD0}.Debug|Win32.ActiveCfg = Debug|Win32
		{36E87908-EF93-4D8D-A042-AC72049F6BD0}.Debug|Win32.Build.0 = Debug|Win32
		{36E87908-EF93-4D8D-A042-AC72049F6BD0}.Release|Win32.ActiveCfg = Release|Win32
		{36E87908-EF93-4D8D-A042-AC72049F6BD0}.Release|Win32.Build.0 = Release|Win32
		{36E87908-EF93-4D8D-A042-AC72049F6BD0}.MinSizeRel|Win32.ActiveCfg = MinSizeRel|Win32
		{36E87908-EF93-4D8D-A042-AC72049F6BD0}.MinSizeRel|Win32.Build.0 = MinSizeRel|Win32
		{36E87908-EF93-4D8D-A042-AC72049F6BD0}.RelWithDebInfo|Win32.ActiveCfg = RelWithDebInfo|Win32
		{36E87908-EF93-4D8D-A042-AC72049F6BD0}.RelWithDebInfo|Win32.Build.0 = RelWithDebInfo|Win32
		{E0A7114E-1829-4991-A80D-E15D74F4CE6C}.Debug|Win32.ActiveCfg = Debug|Win32
		{E0A7114E-1829-4991-A80D-E15D74F4CE6C}.Debug|Win32.Build.0 = Debug|Win32
		{E0A7114E-1829-4991-A80D-E15D74F4CE6C}.Release|Win32.ActiveCfg = Release|Win32
		{E0A7114E-1829-4991-A80D-E15D74F4CE6C}.Release|Win32.Build.0 = Release|Win32
		{E0A7114E-1829-4991-A80D-E15D74F4CE6C}.MinSizeRel|Win32.ActiveCfg = MinSizeRel|Win32
		{E0A7114E-1829-4991-A80D-E15D74F4CE6C}.MinSizeRel|Win32.Build.0 = MinSizeRel|Win32
		{E0A7114E-1829-4991-A80D-E15D74F4CE6C}.RelWithDebInfo|Win32.ActiveCfg = RelWithDebInfo|Win32
		{E0A7114E-1829-4991-A80D-E15D74F4CE6C}.RelWithDebInfo|Win32.Build.0 = RelWithDebInfo|Win32
		{173CEA62-BB72-4C22-B8A3-AFBC71D338E7}.Debug|Win32.ActiveCfg = Debug|Win32
		{173CEA62-BB72-4C22-B8A3-AFBC71D338E7}.Debug|Win32.Build.0 = Debug|Win32
		{173CEA62-BB72-4C22-B8A3-AFBC71D338E7}.Release|Win32.ActiveCfg = Release|Win32
		{173CEA62-BB72-4C22-B8A3-AFBC71D338E7}.Release|Win32.Build.0 = Release|Win32
		{173CEA62-BB72-4C22-B8A3-AFBC71D338E7}.MinSizeRel|Win32.ActiveCfg = MinSizeRel|Win32
		{173CEA62-BB72-4C22-B8A3-AFBC71D338E7}.MinSizeRel|Win32.Build.0 = MinSizeRel|Win32
		{173CEA62-BB72-4C22-B8A3-AFBC71D338E7}.RelWithDebInfo|Win32.ActiveCfg = RelWithDebInfo|Win32
		{173CEA62-BB72-4C22-B8A3-AFBC71D338E7}.RelWithDebInfo|Win32.Build.0 = RelWithDebInfo|Win32
		{FF0D4717-F34B-4966-B1A6-5697E7699A50}.Debug|Win32.ActiveCfg = Debug|Win32
		{FF0D4717-F34B-4966-B1A6-5697E7699A50}.Debug|Win32.Build.0 = Debug|Win32
		{FF0D4717-F34B-4966-B1A6-5697E7699A50}.Release|Win32.ActiveCfg = Release|Win32
		{FF0D4717-F34B-4966-B1A6-5697E7699A50}.Release|Win32.Build.0 = Release|Win32
		{FF0D4717-F34B-4966-B1A6-5697E7699A50}.MinSizeRel|Win32.ActiveCfg = MinSizeRel|Win32
		{FF0D4717-F34B-4966-B1A6-5697E7699A50}.MinSizeRel|Win32.Build.0 = MinSizeRel|Win32
		{FF0D4717-F34B-4966-B1A6-5697E7699A50}.RelWithDebInfo|Win32.ActiveCfg = RelWithDebInfo|Win32
		{FF0D4717-F34B-4966-B1A6-5697E7699A50}.RelWithDebInfo|Win32.Build.0 = RelWithDebInfo|Win32
		{86407FC9-7244-4524-A993-7A5B24C0F848}.Debug|Win32.ActiveCfg = Debug|Win32
		{86407FC9-7244-4524-A993-7A5B24C0F848}.Debug|Win32.Build.0 = Debug|Win32
		{86407FC9-7244-4524-A993-7A5B24C0F848}.Release|Win32.ActiveCfg = Release|Win32
		{86407FC9-7244-4524-A993-7A5B24C0F848}.Release|Win32.Build.0 = Release|Win32
		{86407FC9-7244-4524-A993-7A5B24C0F848}.MinSizeRel|Win32.ActiveCfg = MinSizeRel|Win32
		{86407FC9-7244-4524-A993-7A5B24C0F848}.MinSizeRel|Win32.Build.0 = MinSizeRel|Win32
		{86407FC9-7244-4524-A993-7A5B24C0F848}.RelWithDebInfo|Win32.ActiveCfg = RelWithDebInfo|Win32
		{86407FC9-7244-4524-A993-7A5B24C0F848}.RelWithDebInfo|Win32.Build.0 = RelWithDebInfo|Win32
		{3935645A-6F64-4B34-8C65-9C4AED23F0C2}.Debug|Win32.ActiveCfg = Debug|Win32
		{3935645A-6F64-4B34-8C65-9C4AED23F0C2}.Debug|Win32.Build.0 = Debug|Win32
		{3935645A-6F64-4B34-8C65-9C4AED23F0C2}.Release|Win32.ActiveCfg = Release|Win32
		{3935645A-6F64-4B34-8C65-9C4AED23F0C2}.Release|Win32.Build.0 = Release|Win32
		{3935645A-6F64-4B34-8C65-9C4AED23F0C2}.MinSizeRel|Win32.ActiveCfg = MinSizeRel|Win32
		{3935645A-6F64-4B34-8C65-9C4AED23F0C2}.MinSizeRel|Win32.Build.0 = MinSizeRel|Win32
		{3935645A-6F64-4B34-8C65-9C4AED23F0C2}.RelWithDebInfo|Win32.ActiveCfg = RelWithDebInfo|Win32
		{3935645A-6F64-4B34-8C65-9C4AED23F0C2}.RelWithDebInfo|Win32.Build.0 = RelWithDebInfo|Win32
		{CEE932F4-2A45-4172-97A9-C4A7012E2193}.Debug|Win32.ActiveCfg = Debug|Win32
		{CEE932F4-2A45-4172-97A9-C4A7012E2193}.Debug|Win32.Build.0 = Debug|Win32
		{CEE932F4-2A45-4172-97A9-C4A7012E2193}.Release|Win32.ActiveCfg = Release|Win32
		{CEE932F4-2A45-4172-97A9-C4A7012E2193}.Release|Win32.Build.0 = Release|Win32
		{CEE932F4-2A45-4172-97A9-C4A7012E2193}.MinSizeRel|Win32.ActiveCfg = MinSizeRel|Win32
		{CEE932F4-2A45-4172-97A9-C4A7012E2193}.MinSizeRel|Win32.Build.0 = MinSizeRel|Win32
		{CEE932F4-2A45-4172-97A9-C4A7012E2193}.RelWithDebInfo|Win32.ActiveCfg = RelWithDebInfo|Win32
		{CEE932F4-2A45-4172-97A9-C4A7012E2193}.RelWithDebInfo|Win32.Build.0 = RelWithDebInfo|Win32
		{763C255B-22D6-4126-9C7E-B15953441E50}.Debug|Win32.ActiveCfg = Debug|Win32
		{763C255B-22D6-4126-9C7E-B15953441E50}.Debug|Win32.Build.0 = Debug|Win32
		{763C255B-22D6-4126-9C7E-B15953441E50}.Release|Win32.ActiveCfg = Release|Win32
		{763C255B-22D6-4126-9C7E-B15953441E50}.Release|Win32.Build.0 = Release|Win32
		{763C255B-22D6-4126-9C7E-B15953441E50}.MinSizeRel|Win32.ActiveCfg = MinSizeRel|Win32
		{763C255B-22D6-4126-9C7E-B15953441E50}.MinSizeRel|Win32.Build.0 = MinSizeRel|Win32
		{763C255B-22D6-4126-9C7E-B15953441E50}.RelWithDebInfo|Win32.ActiveCfg = RelWithDebInfo|Win32
		{763C255B-22D6-4126-9C7E-B15953441E50}.RelWithDebInfo|Win32.Build.0 = RelWithDebInfo|Win32
		{FFA70196-4E60-42F1-80A9-C620F7EBDB70}.Debug|Win32.ActiveCfg = Debug|Win32
		{FFA70196-4E60-42F1-80A9-C620F7EBDB70}.Debug|Win32.Build.0 = Debug|Win32
		{FFA70196-4E60-42F1-80A9-C620F7EBDB70}.Release|Win32.ActiveCfg = Release|Win32
		{FFA70196-4E60-42F1-80A9-C620F7EBDB70}.Release|Win32.Build.0 = Release|Win32
		{FFA70196-4E60-42F1-80A9-C620F7EBDB70}.MinSizeRel|Win32.ActiveCfg = MinSizeRel|Win32
		{FFA70196-4E60-42F1-80A9-C620F7EBDB70}.MinSizeRel|Win32.Build.0 = MinSizeRel|Win32
		{FFA70196-4E60-42F1-80A9-C620F7EBDB70}.RelWithDebInfo|Win32.ActiveCfg = RelWithDebInfo|Win32
		{FFA70196-4E60-42F1-80A9-C620F7EBDB70}.RelWithDebInfo|Win32.Build.0 = RelWithDebInfo|Win32
		{F673C6C5-4F65-4165-9A20-3E9C7D514F7B}.Debug|Win32.ActiveCfg = Debug|Win32
		{F673C6C5-4F65-4165-9A20-3E9C7D514F7B}.Debug|Win32.Build.0 = Debug|Win32
		{F673C6C5-4F65-4165-9A20-3E9C7D514F7B}.Release|Win32.ActiveCfg = Release|Win32
		{F673C6C5-4F65-4165-9A20-3E9C7D514F7B}.Release|Win32.Build.0 = Release|Win32
		{F673C6C5-4F65-4165-9A20-3E9C7D514F7B}.MinSizeRel|Win32.ActiveCfg = MinSizeRel|Win32
		{F673C6C5-4F65-4165-9A20-3E9C7D514F7B}.MinSizeRel|Win32.Build.0 = MinSizeRel|Win32
		{F673C6C5-4F65-4165-9A20-3E9C7D514F7B}.RelWithDebInfo|Win32.ActiveCfg = RelWithDebInfo|Win32
		{F673C6C5-4F65-4165-9A20-3E9C7D514F7B}.RelWithDebInfo|Win32.Build.0 = RelWithDebInfo|Win32
		{C665BCD7-9A6B-4003-9055-7C648F51958A}.Debug|Win32.ActiveCfg = Debug|Win32
		{C665BCD7-9A6B-4003-9055-7C648F51958A}.Debug|Win32.Build.0 = Debug|Win32
		{C665BCD7-9A6B-4003-9055-7C648F51958A}.Release|Win32.ActiveCfg = Release|Win32
		{C665BCD7-9A6B-4003-9055-7C648F51958A}.Release|Win32.Build.0 = Release|Win32
		{C665BCD7-9A6B-4003-9055-7C648F51958A}.MinSizeRel|Win32.ActiveCfg = MinSizeRel|Win32
		{C665BCD7-9A6B-4003-9055-7C648F51958A}.MinSizeRel|Win32.Build.0 = MinSizeRel|Win32
		{C665BCD7-9A6B-4003-9055-7C648F51958A}.RelWithDebInfo|Win32.ActiveCfg = RelWithDebInfo|Win32
		{C665BCD7-9A6B-4003-9055-7C648F51958A}.RelWithDebInfo|Win32.Build.0 = RelWithDebInfo|Win32
		{43091895-40EB-4850-BE0F-023D4EC34E71}.Debug|Win32.ActiveCfg = Debug|Win32
		{43091895-40EB-4850-BE0F-023D4EC34E71}.Debug|Win32.Build.0 = Debug|Win32
		{43091895-40EB-4850-BE0F-023D4EC34E71}.Release|Win32.ActiveCfg = Release|Win32
		{43091895-40EB-4850-BE0F-023D4EC34E71}.Release|Win32.Build.0 = Release|Win32
		{43091895-40EB-4850-BE0F-023D4EC34E71}.MinSizeRel|Win32.ActiveCfg = MinSizeRel|Win32
		{43091895-40EB-4850-BE0F-023D4EC34E71}.MinSizeRel|Win32.Build.0 = MinSizeRel|Win32
		{43091895-40EB-4850-BE0F-023D4EC34E71}.RelWithDebInfo|Win32.ActiveCfg = RelWithDebInfo|Win32
		{43091895-40EB-4850-BE0F-023D4EC34E71}.RelWithDebInfo|Win32.Build.0 = RelWithDebInfo|Win32
		{74B6B1A8-2695-4810-8B80-F285B21800CC}.Debug|Win32.ActiveCfg = Debug|Win32
		{74B6B1A8-2695-4810-8B80-F285B21800CC}.Debug|Win32.Build.0 = Debug|Win32
		{74B6B1A8-2695-4810-8B80-F285B21800CC}.Release|Win32.ActiveCfg = Release|Win32
		{74B6B1A8-2695-4810-8B80-F285B21800CC}.Release|Win32.Build.0 = Release|Win32
		{74B6B1A8-2695-4810-8B80-F285B21800CC}.MinSizeRel|Win32.ActiveCfg = MinSizeRel|Win32
		{74B6B1A8-2695-4810-8B80-F285B21800CC}.MinSizeRel|Win32.Build.0 = MinSizeRel|Win32
		{74B6B1A8-2695-4810-8B80-F285B21800CC}.RelWithDebInfo|Win32.ActiveCfg = RelWithDebInfo|Win32
		{74B6B1A8-2695-4810-8B80-F285B21800CC}.RelWithDebInfo|Win32.Build.0 = RelWithDebInfo|Win32
		{B0B606C2-E4FA-4E8B-8431-E70B7CD81836}.Debug|Win32.ActiveCfg = Debug|Win32
		{B0B606C2-E4FA-4E8B-8431-E70B7CD81836}.Debug|Win32.Build.0 = Debug|Win32
		{B0B606C2-E4FA-4E8B-8431-E70B7CD81836}.Release|Win32.ActiveCfg = Release|Win32
		{B0B606C2-E4FA-4E8B-8431-E70B7CD81836}.Release|Win32.Build.0 = Release|Win32
		{B0B606C2-E4FA-4E8B-8431-E70B7CD81836}.MinSizeRel|Win32.ActiveCfg = MinSizeRel|Win32
		{B0B606C2-E4FA-4E8B-8431-E70B7CD81836}.MinSizeRel|Win32.Build.0 = MinSizeRel|Win32
		{B0B606C2-E4FA-4E8B-8431-E70B7CD81836}.RelWithDebInfo|Win32.ActiveCfg = RelWithDebInfo|Win32
		{B0B606C2-E4FA-4E8B-8431-E70B7CD81836}.RelWithDebInfo|Win32.Build.0 = RelWithDebInfo|Win32
		{3160D6B1-148C-48DF-8D4C-3644AC815CAD}.Debug|Win32.ActiveCfg = Debug|Win32
		{3160D6B1-148C-48DF-8D4C-3644AC815CAD}.Debug|Win32.Build.0 = Debug|Win32
		{3160D6B1-148C-48DF-8D4C-3644AC815CAD}.Release|Win32.ActiveCfg = Release|Win32
		{3160D6B1-148C-48DF-8D4C-3644AC815CAD}.Release|Win32.Build.0 = Release|Win32
		{3160D6B1-148C-48DF-8D4C-3644AC815CAD}.MinSizeRel|Win32.ActiveCfg = MinSizeRel|Win32
		{3160D6B1-148C-48DF-8D4C-3644AC815CAD}.MinSizeRel|Win32.Build.0 = MinSizeRel|Win32
		{3160D6B1-148C-48DF-8D4C-3644AC815CAD}.RelWithDebInfo|Win32.ActiveCfg = RelWithDebInfo|Win32
		{3160D6B1-148C-48DF-8D4C-3644AC815CAD}.RelWithDebInfo|Win32.Build.0 = RelWithDebInfo|Win32
		{F8487DCE-2E21-423A-B20C-231C39583FA7}.Debug|Win32.ActiveCfg = Debug|Win32
		{F8487DCE-2E21-423A-B20C-231C39583FA7}.Debug|Win32.Build.0 = Debug|Win32
		{F8487DCE-2E21-423A-B20C-231C39583FA7}.Release|Win32.ActiveCfg = Release|Win32
		{F8487DCE-2E21-423A-B20C-231C39583FA7}.Release|Win32.Build.0 = Release|Win32
		{F8487DCE-2E21-423A-B20C-231C39583FA7}.MinSizeRel|Win32.ActiveCfg = MinSizeRel|Win32
		{F8487DCE-2E21-423A-B20C-231C39583FA7}.MinSizeRel|Win32.Build.0 = MinSizeRel|Win32
		{F8487DCE-2E21-423A-B20C-231C39583FA7}.RelWithDebInfo|Win32.ActiveCfg = RelWithDebInfo|Win32
		{F8487DCE-2E21-423A-B20C-231C39583FA7}.RelWithDebInfo|Win32.Build.0 = RelWithDebInfo|Win32
		{8015B514-AA2C-4D17-A4A1-6E124CED0191}.Debug|Win32.ActiveCfg = Debug|Win32
		{8015B514-AA2C-4D17-A4A1-6E124CED0191}.Debug|Win32.Build.0 = Debug|Win32
		{8015B514-AA2C-4D17-A4A1-6E124CED0191}.Release|Win32.ActiveCfg = Release|Win32
		{8015B514-AA2C-4D17-A4A1-6E124CED0191}.Release|Win32.Build.0 = Release|Win32
		{8015B514-AA2C-4D17-A4A1-6E124CED0191}.MinSizeRel|Win32.ActiveCfg = MinSizeRel|Win32
		{8015B514-AA2C-4D17-A4A1-6E124CED0191}.MinSizeRel|Win32.Build.0 = MinSizeRel|Win32
		{8015B514-AA2C-4D17-A4A1-6E124CED0191}.RelWithDebInfo|Win32.ActiveCfg = RelWithDebInfo|Win32
		{8015B514-AA2C-4D17-A4A1-6E124CED0191}.RelWithDebInfo|Win32.Build.0 = RelWithDebInfo|Win32
		{2097C6AF-8C88-4811-8BA5-CFF99BE0932C}.Debug|Win32.ActiveCfg = Debug|Win32
		{2097C6AF-8C88-4811-8BA5-CFF99BE0932C}.Debug|Win32.Build.0 = Debug|Win32
		{2097C6AF-8C88-4811-8BA5-CFF99BE0932C}.Release|Win32.ActiveCfg = Release|Win32
		{2097C6AF-8C88-4811-8BA5-CFF99BE0932C}.Release|Win32.Build.0 = Release|Win32
		{2097C6AF-8C88-4811-8BA5-CFF99BE0932C}.MinSizeRel|Win32.ActiveCfg = MinSizeRel|Win32
		{2097C6AF-8C88-4811-8BA5-CFF99BE0932C}.MinSizeRel|Win32.Build.0 = MinSizeRel|Win32
		{2097C6AF-8C88-4811-8BA5-CFF99BE0932C}.RelWithDebInfo|Win32.ActiveCfg = RelWithDebInfo|Win32
		{2097C6AF-8C88-4811-8BA5-CFF99BE0932C}.RelWithDebInfo|Win32.Build.0 = RelWithDebInfo|Win32
		{4352BF61-9E90-4D81-9CFD-6A7AD5FDD635}.Debug|Win32.ActiveCfg = Debug|Win32
		{4352BF61-9E90-4D81-9CFD-6A7AD5FDD635}.Debug|Win32.Build.0 = Debug|Win32
		{4352BF61-9E90-4D81-9CFD-6A7AD5FDD635}.Release|Win32.ActiveCfg = Release|Win32
		{4352BF61-9E90-4D81-9CFD-6A7AD5FDD635}.Release|Win32.Build.0 = Release|Win32
		{4352BF61-9E90-4D81-9CFD-6A7AD5FDD635}.MinSizeRel|Win32.ActiveCfg = MinSizeRel|Win32
		{4352BF61-9E90-4D81-9CFD-6A7AD5FDD635}.MinSizeRel|Win32.Build.0 = MinSizeRel|Win32
		{4352BF61-9E90-4D81-9CFD-6A7AD5FDD635}.RelWithDebInfo|Win32.ActiveCfg = RelWithDebInfo|Win32
		{4352BF61-9E90-4D81-9CFD-6A7AD5FDD635}.RelWithDebInfo|Win32.Build.0 = RelWithDebInfo|Win32
		{72CB059B-510B-43F3-BE42-326F44514B53}.Debug|Win32.ActiveCfg = Debug|Win32
		{72CB059B-510B-43F3-BE42-326F44514B53}.Debug|Win32.Build.0 = Debug|Win32
		{72CB059B-510B-43F3-BE42-326F44514B53}.Release|Win32.ActiveCfg = Release|Win32
		{72CB059B-510B-43F3-BE42-326F44514B53}.Release|Win32.Build.0 = Release|Win32
		{72CB059B-510B-43F3-BE42-326F44514B53}.MinSizeRel|Win32.ActiveCfg = MinSizeRel|Win32
		{72CB059B-510B-43F3-BE42-326F44514B53}.MinSizeRel|Win32.Build.0 = MinSizeRel|Win32
		{72CB059B-510B-43F3-BE42-326F44514B53}.RelWithDebInfo|Win32.ActiveCfg = RelWithDebInfo|Win32
		{72CB059B-510B-43F3-BE42-326F44514B53}.RelWithDebInfo|Win32.Build.0 = RelWithDebInfo|Win32
		{F680C065-7DE7-4357-9637-F785835BA0D9}.Debug|Win32.ActiveCfg = Debug|Win32
		{F680C065-7DE7-4357-9637-F785835BA0D9}.Debug|Win32.Build.0 = Debug|Win32
		{F680C065-7DE7-4357-9637-F785835BA0D9}.Release|Win32.ActiveCfg = Release|Win32
		{F680C065-7DE7-4357-9637-F785835BA0D9}.Release|Win32.Build.0 = Release|Win32
		{F680C065-7DE7-4357-9637-F785835BA0D9}.MinSizeRel|Win32.ActiveCfg = MinSizeRel|Win32
		{F680C065-7DE7-4357-9637-F785835BA0D9}.MinSizeRel|Win32.Build.0 = MinSizeRel|Win32
		{F680C065-7DE7-4357-9637-F785835BA0D9}.RelWithDebInfo|Win32.ActiveCfg = RelWithDebInfo|Win32
		{F680C065-7DE7-4357-9637-F785835BA0D9}.RelWithDebInfo|Win32.Build.0 = RelWithDebInfo|Win32
		{A6CCEDA2-EF52-421D-9F69-3365BBB2B79E}.Debug|Win32.ActiveCfg = Debug|Win32
		{A6CCEDA2-EF52-421D-9F69-3365BBB2B79E}.Debug|Win32.Build.0 = Debug|Win32
		{A6CCEDA2-EF52-421D-9F69-3365BBB2B79E}.Release|Win32.ActiveCfg = Release|Win32
		{A6CCEDA2-EF52-421D-9F69-3365BBB2B79E}.Release|Win32.Build.0 = Release|Win32
		{A6CCEDA2-EF52-421D-9F69-3365BBB2B79E}.MinSizeRel|Win32.ActiveCfg = MinSizeRel|Win32
		{A6CCEDA2-EF52-421D-9F69-3365BBB2B79E}.MinSizeRel|Win32.Build.0 = MinSizeRel|Win32
		{A6CCEDA2-EF52-421D-9F69-3365BBB2B79E}.RelWithDebInfo|Win32.ActiveCfg = RelWithDebInfo|Win32
		{A6CCEDA2-EF52-421D-9F69-3365BBB2B79E}.RelWithDebInfo|Win32.Build.0 = RelWithDebInfo|Win32
		{80EE2FAC-9A6A-474B-A036-A10CECD5384A}.Debug|Win32.ActiveCfg = Debug|Win32
		{80EE2FAC-9A6A-474B-A036-A10CECD5384A}.Debug|Win32.Build.0 = Debug|Win32
		{80EE2FAC-9A6A-474B-A036-A10CECD5384A}.Release|Win32.ActiveCfg = Release|Win32
		{80EE2FAC-9A6A-474B-A036-A10CECD5384A}.Release|Win32.Build.0 = Release|Win32
		{80EE2FAC-9A6A-474B-A036-A10CECD5384A}.MinSizeRel|Win32.ActiveCfg = MinSizeRel|Win32
		{80EE2FAC-9A6A-474B-A036-A10CECD5384A}.MinSizeRel|Win32.Build.0 = MinSizeRel|Win32
		{80EE2FAC-9A6A-474B-A036-A10CECD5384A}.RelWithDebInfo|Win32.ActiveCfg = RelWithDebInfo|Win32
		{80EE2FAC-9A6A-474B-A036-A10CECD5384A}.RelWithDebInfo|Win32.Build.0 = RelWithDebInfo|Win32
		{822FC65C-B8DF-4EF0-931A-75872EDD6EDD}.Debug|Win32.ActiveCfg = Debug|Win32
		{822FC65C-B8DF-4EF0-931A-75872EDD6EDD}.Debug|Win32.Build.0 = Debug|Win32
		{822FC65C-B8DF-4EF0-931A-75872EDD6EDD}.Release|Win32.ActiveCfg = Release|Win32
		{822FC65C-B8DF-4EF0-931A-75872EDD6EDD}.Release|Win32.Build.0 = Release|Win32
		{822FC65C-B8DF-4EF0-931A-75872EDD6EDD}.MinSizeRel|Win32.ActiveCfg = MinSizeRel|Win32
		{822FC65C-B8DF-4EF0-931A-75872EDD6EDD}.MinSizeRel|Win32.Build.0 = MinSizeRel|Win32
		{822FC65C-B8DF-4EF0-931A-75872EDD6EDD}.RelWithDebInfo|Win32.ActiveCfg = RelWithDebInfo|Win32
		{822FC65C-B8DF-4EF0-931A-75872EDD6EDD}.RelWithDebInfo|Win32.Build.0 = RelWithDebInfo|Win32
		{124680BD-FAA7-4608-98E3-7726A77544F9}.Debug|Win32.ActiveCfg = Debug|Win32
		{124680BD-FAA7-4608-98E3-7726A77544F9}.Debug|Win32.Build.0 = Debug|Win32
		{124680BD-FAA7-4608-98E3-7726A77544F9}.Release|Win32.ActiveCfg = Release|Win32
		{124680BD-FAA7-4608-98E3-7726A77544F9}.Release|Win32.Build.0 = Release|Win32
		{124680BD-FAA7-4608-98E3-7726A77544F9}.MinSizeRel|Win32.ActiveCfg = MinSizeRel|Win32
		{124680BD-FAA7-4608-98E3-7726A77544F9}.MinSizeRel|Win32.Build.0 = MinSizeRel|Win32
		{124680BD-FAA7-4608-98E3-7726A77544F9}.RelWithDebInfo|Win32.ActiveCfg = RelWithDebInfo|Win32
		{124680BD-FAA7-4608-98E3-7726A77544F9}.RelWithDebInfo|Win32.Build.0 = RelWithDebInfo|Win32
		{B07C6483-324B-4028-B219-8E3ADA71DD74}.Debug|Win32.ActiveCfg = Debug|Win32
		{B07C6483-324B-4028-B219-8E3ADA71DD74}.Debug|Win32.Build.0 = Debug|Win32
		{B07C6483-324B-4028-B219-8E3ADA71DD74}.Release|Win32.ActiveCfg = Release|Win32
		{B07C6483-324B-4028-B219-8E3ADA71DD74}.Release|Win32.Build.0 = Release|Win32
		{B07C6483-324B-4028-B219-8E3ADA71DD74}.MinSizeRel|Win32.ActiveCfg = MinSizeRel|Win32
		{B07C6483-324B-4028-B219-8E3ADA71DD74}.MinSizeRel|Win32.Build.0 = MinSizeRel|Win32
		{B07C6483-324B-4028-B219-8E3ADA71DD74}.RelWithDebInfo|Win32.ActiveCfg = RelWithDebInfo|Win32
		{B07C6483-324B-4028-B219-8E3ADA71DD74}.RelWithDebInfo|Win32.Build.0 = RelWithDebInfo|Win32
		{D1233ED3-64F4-45CE-8EE3-CA5A7B5B0CD8}.Debug|Win32.ActiveCfg = Debug|Win32
		{D1233ED3-64F4-45CE-8EE3-CA5A7B5B0CD8}.Debug|Win32.Build.0 = Debug|Win32
		{D1233ED3-64F4-45CE-8EE3-CA5A7B5B0CD8}.Release|Win32.ActiveCfg = Release|Win32
		{D1233ED3-64F4-45CE-8EE3-CA5A7B5B0CD8}.Release|Win32.Build.0 = Release|Win32
		{D1233ED3-64F4-45CE-8EE3-CA5A7B5B0CD8}.MinSizeRel|Win32.ActiveCfg = MinSizeRel|Win32
		{D1233ED3-64F4-45CE-8EE3-CA5A7B5B0CD8}.MinSizeRel|Win32.Build.0 = MinSizeRel|Win32
		{D1233ED3-64F4-45CE-8EE3-CA5A7B5B0CD8}.RelWithDebInfo|Win32.ActiveCfg = RelWithDebInfo|Win32
		{D1233ED3-64F4-45CE-8EE3-CA5A7B5B0CD8}.RelWithDebInfo|Win32.Build.0 = RelWithDebInfo|Win32
		{909E55B1-9D60-4DDD-AB0F-8C4B80FB9F03}.Debug|Win32.ActiveCfg = Debug|Win32
		{909E55B1-9D60-4DDD-AB0F-8C4B80FB9F03}.Debug|Win32.Build.0 = Debug|Win32
		{909E55B1-9D60-4DDD-AB0F-8C4B80FB9F03}.Release|Win32.ActiveCfg = Release|Win32
		{909E55B1-9D60-4DDD-AB0F-8C4B80FB9F03}.Release|Win32.Build.0 = Release|Win32
		{909E55B1-9D60-4DDD-AB0F-8C4B80FB9F03}.MinSizeRel|Win32.ActiveCfg = MinSizeRel|Win32
		{909E55B1-9D60-4DDD-AB0F-8C4B80FB9F03}.MinSizeRel|Win32.Build.0 = MinSizeRel|Win32
		{909E55B1-9D60-4DDD-AB0F-8C4B80FB9F03}.RelWithDebInfo|Win32.ActiveCfg = RelWithDebInfo|Win32
		{909E55B1-9D60-4DDD-AB0F-8C4B80FB9F03}.RelWithDebInfo|Win32.Build.0 = RelWithDebInfo|Win32
		{50BF48B4-BA90-4A57-B3B3-C273AC398932}.Debug|Win32.ActiveCfg = Debug|Win32
		{50BF48B4-BA90-4A57-B3B3-C273AC398932}.Debug|Win32.Build.0 = Debug|Win32
		{50BF48B4-BA90-4A57-B3B3-C273AC398932}.Release|Win32.ActiveCfg = Release|Win32
		{50BF48B4-BA90-4A57-B3B3-C273AC398932}.Release|Win32.Build.0 = Release|Win32
		{50BF48B4-BA90-4A57-B3B3-C273AC398932}.MinSizeRel|Win32.ActiveCfg = MinSizeRel|Win32
		{50BF48B4-BA90-4A57-B3B3-C273AC398932}.MinSizeRel|Win32.Build.0 = MinSizeRel|Win32
		{50BF48B4-BA90-4A57-B3B3-C273AC398932}.RelWithDebInfo|Win32.ActiveCfg = RelWithDebInfo|Win32
		{50BF48B4-BA90-4A57-B3B3-C273AC398932}.RelWithDebInfo|Win32.Build.0 = RelWithDebInfo|Win32
		{37B689C2-EED5-4082-87A6-70B100EF8DBB}.Debug|Win32.ActiveCfg = Debug|Win32
		{37B689C2-EED5-4082-87A6-70B100EF8DBB}.Debug|Win32.Build.0 = Debug|Win32
		{37B689C2-EED5-4082-87A6-70B100EF8DBB}.Release|Win32.ActiveCfg = Release|Win32
		{37B689C2-EED5-4082-87A6-70B100EF8DBB}.Release|Win32.Build.0 = Release|Win32
		{37B689C2-EED5-4082-87A6-70B100EF8DBB}.MinSizeRel|Win32.ActiveCfg = MinSizeRel|Win32
		{37B689C2-EED5-4082-87A6-70B100EF8DBB}.MinSizeRel|Win32.Build.0 = MinSizeRel|Win32
		{37B689C2-EED5-4082-87A6-70B100EF8DBB}.RelWithDebInfo|Win32.ActiveCfg = RelWithDebInfo|Win32
		{37B689C2-EED5-4082-87A6-70B100EF8DBB}.RelWithDebInfo|Win32.Build.0 = RelWithDebInfo|Win32
		{4426274C-09C9-498F-B693-07D3A428768C}.Debug|Win32.ActiveCfg = Debug|Win32
		{4426274C-09C9-498F-B693-07D3A428768C}.Debug|Win32.Build.0 = Debug|Win32
		{4426274C-09C9-498F-B693-07D3A428768C}.Release|Win32.ActiveCfg = Release|Win32
		{4426274C-09C9-498F-B693-07D3A428768C}.Release|Win32.Build.0 = Release|Win32
		{4426274C-09C9-498F-B693-07D3A428768C}.MinSizeRel|Win32.ActiveCfg = MinSizeRel|Win32
		{4426274C-09C9-498F-B693-07D3A428768C}.MinSizeRel|Win32.Build.0 = MinSizeRel|Win32
		{4426274C-09C9-498F-B693-07D3A428768C}.RelWithDebInfo|Win32.ActiveCfg = RelWithDebInfo|Win32
		{4426274C-09C9-498F-B693-07D3A428768C}.RelWithDebInfo|Win32.Build.0 = RelWithDebInfo|Win32
		{A900C338-D51C-426E-B792-72EB78DC2691}.Debug|Win32.ActiveCfg = Debug|Win32
		{A900C338-D51C-426E-B792-72EB78DC2691}.Debug|Win32.Build.0 = Debug|Win32
		{A900C338-D51C-426E-B792-72EB78DC2691}.Release|Win32.ActiveCfg = Release|Win32
		{A900C338-D51C-426E-B792-72EB78DC2691}.Release|Win32.Build.0 = Release|Win32
		{A900C338-D51C-426E-B792-72EB78DC2691}.MinSizeRel|Win32.ActiveCfg = MinSizeRel|Win32
		{A900C338-D51C-426E-B792-72EB78DC2691}.MinSizeRel|Win32.Build.0 = MinSizeRel|Win32
		{A900C338-D51C-426E-B792-72EB78DC2691}.RelWithDebInfo|Win32.ActiveCfg = RelWithDebInfo|Win32
		{A900C338-D51C-426E-B792-72EB78DC2691}.RelWithDebInfo|Win32.Build.0 = RelWithDebInfo|Win32
		{7D0461CC-8ACC-4B88-8B88-1913ED010AF3}.Debug|Win32.ActiveCfg = Debug|Win32
		{7D0461CC-8ACC-4B88-8B88-1913ED010AF3}.Debug|Win32.Build.0 = Debug|Win32
		{7D0461CC-8ACC-4B88-8B88-1913ED010AF3}.Release|Win32.ActiveCfg = Release|Win32
		{7D0461CC-8ACC-4B88-8B88-1913ED010AF3}.Release|Win32.Build.0 = Release|Win32
		{7D0461CC-8ACC-4B88-8B88-1913ED010AF3}.MinSizeRel|Win32.ActiveCfg = MinSizeRel|Win32
		{7D0461CC-8ACC-4B88-8B88-1913ED010AF3}.MinSizeRel|Win32.Build.0 = MinSizeRel|Win32
		{7D0461CC-8ACC-4B88-8B88-1913ED010AF3}.RelWithDebInfo|Win32.ActiveCfg = RelWithDebInfo|Win32
		{7D0461CC-8ACC-4B88-8B88-1913ED010AF3}.RelWithDebInfo|Win32.Build.0 = RelWithDebInfo|Win32
		{CBFAA29C-799C-4412-AB4A-881D6E9C9AB8}.Debug|Win32.ActiveCfg = Debug|Win32
		{CBFAA29C-799C-4412-AB4A-881D6E9C9AB8}.Debug|Win32.Build.0 = Debug|Win32
		{CBFAA29C-799C-4412-AB4A-881D6E9C9AB8}.Release|Win32.ActiveCfg = Release|Win32
		{CBFAA29C-799C-4412-AB4A-881D6E9C9AB8}.Release|Win32.Build.0 = Release|Win32
		{CBFAA29C-799C-4412-AB4A-881D6E9C9AB8}.MinSizeRel|Win32.ActiveCfg = MinSizeRel|Win32
		{CBFAA29C-799C-4412-AB4A-881D6E9C9AB8}.MinSizeRel|Win32.Build.0 = MinSizeRel|Win32
		{CBFAA29C-799C-4412-AB4A-881D6E9C9AB8}.RelWithDebInfo|Win32.ActiveCfg = RelWithDebInfo|Win32
		{CBFAA29C-799C-4412-AB4A-881D6E9C9AB8}.RelWithDebInfo|Win32.Build.0 = RelWithDebInfo|Win32
		{69F62A41-19FB-4B7E-A61A-2B8795E8D327}.Debug|Win32.ActiveCfg = Debug|Win32
		{69F62A41-19FB-4B7E-A61A-2B8795E8D327}.Debug|Win32.Build.0 = Debug|Win32
		{69F62A41-19FB-4B7E-A61A-2B8795E8D327}.Release|Win32.ActiveCfg = Release|Win32
		{69F62A41-19FB-4B7E-A61A-2B8795E8D327}.Release|Win32.Build.0 = Release|Win32
		{69F62A41-19FB-4B7E-A61A-2B8795E8D327}.MinSizeRel|Win32.ActiveCfg = MinSizeRel|Win32
		{69F62A41-19FB-4B7E-A61A-2B8795E8D327}.MinSizeRel|Win32.Build.0 = MinSizeRel|Win32
		{69F62A41-19FB-4B7E-A61A-2B8795E8D327}.RelWithDebInfo|Win32.ActiveCfg = RelWithDebInfo|Win32
		{69F62A41-19FB-4B7E-A61A-2B8795E8D327}.RelWithDebInfo|Win32.Build.0 = RelWithDebInfo|Win32
		{78EEEAF4-5109-4371-9781-7C355E38534A}.Debug|Win32.ActiveCfg = Debug|Win32
		{78EEEAF4-5109-4371-9781-7C355E38534A}.Debug|Win32.Build.0 = Debug|Win32
		{78EEEAF4-5109-4371-9781-7C355E38534A}.Release|Win32.ActiveCfg = Release|Win32
		{78EEEAF4-5109-4371-9781-7C355E38534A}.Release|Win32.Build.0 = Release|Win32
		{78EEEAF4-5109-4371-9781-7C355E38534A}.MinSizeRel|Win32.ActiveCfg = MinSizeRel|Win32
		{78EEEAF4-5109-4371-9781-7C355E38534A}.MinSizeRel|Win32.Build.0 = MinSizeRel|Win32
		{78EEEAF4-5109-4371-9781-7C355E38534A}.RelWithDebInfo|Win32.ActiveCfg = RelWithDebInfo|Win32
		{78EEEAF4-5109-4371-9781-7C355E38534A}.RelWithDebInfo|Win32.Build.0 = RelWithDebInfo|Win32
		{B76FDAFC-17D8-4318-B954-2C7674E040F6}.Debug|Win32.ActiveCfg = Debug|Win32
		{B76FDAFC-17D8-4318-B954-2C7674E040F6}.Debug|Win32.Build.0 = Debug|Win32
		{B76FDAFC-17D8-4318-B954-2C7674E040F6}.Release|Win32.ActiveCfg = Release|Win32
		{B76FDAFC-17D8-4318-B954-2C7674E040F6}.Release|Win32.Build.0 = Release|Win32
		{B76FDAFC-17D8-4318-B954-2C7674E040F6}.MinSizeRel|Win32.ActiveCfg = MinSizeRel|Win32
		{B76FDAFC-17D8-4318-B954-2C7674E040F6}.MinSizeRel|Win32.Build.0 = MinSizeRel|Win32
		{B76FDAFC-17D8-4318-B954-2C7674E040F6}.RelWithDebInfo|Win32.ActiveCfg = RelWithDebInfo|Win32
		{B76FDAFC-17D8-4318-B954-2C7674E040F6}.RelWithDebInfo|Win32.Build.0 = RelWithDebInfo|Win32
		{628846DF-2A94-4FF8-B847-666D857D68F9}.Debug|Win32.ActiveCfg = Debug|Win32
		{628846DF-2A94-4FF8-B847-666D857D68F9}.Debug|Win32.Build.0 = Debug|Win32
		{628846DF-2A94-4FF8-B847-666D857D68F9}.Release|Win32.ActiveCfg = Release|Win32
		{628846DF-2A94-4FF8-B847-666D857D68F9}.Release|Win32.Build.0 = Release|Win32
		{628846DF-2A94-4FF8-B847-666D857D68F9}.MinSizeRel|Win32.ActiveCfg = MinSizeRel|Win32
		{628846DF-2A94-4FF8-B847-666D857D68F9}.MinSizeRel|Win32.Build.0 = MinSizeRel|Win32
		{628846DF-2A94-4FF8-B847-666D857D68F9}.RelWithDebInfo|Win32.ActiveCfg = RelWithDebInfo|Win32
		{628846DF-2A94-4FF8-B847-666D857D68F9}.RelWithDebInfo|Win32.Build.0 = RelWithDebInfo|Win32
	EndGlobalSection
	GlobalSection(ExtensibilityGlobals) = postSolution
	EndGlobalSection
	GlobalSection(ExtensibilityAddIns) = postSolution
	EndGlobalSection
EndGlobal
